
Microsoft Visual Studio Solution File, Format Version 12.00
# Visual Studio Version 16
VisualStudioVersion = 16.0.29020.237
MinimumVisualStudioVersion = 10.0.40219.1
Project("{2150E333-8FDC-42A3-9474-1A3956D46DE8}") = "src", "src", "{932D8224-11F6-4D07-B109-DA28AD288A63}"
EndProject
Project("{2150E333-8FDC-42A3-9474-1A3956D46DE8}") = "Solution Items", "Solution Items", "{3AF739CD-81D8-428D-A08A-0A58372DEBF6}"
	ProjectSection(SolutionItems) = preProject
		NuGet.config = NuGet.config
		ref.txt = ref.txt
	EndProjectSection
EndProject
Project("{2150E333-8FDC-42A3-9474-1A3956D46DE8}") = "Services", "Services", "{91CF7717-08AB-4E65-B10E-0B426F01E2E8}"
EndProject
Project("{2150E333-8FDC-42A3-9474-1A3956D46DE8}") = "WebApps", "WebApps", "{E279BF0F-7F66-4F3A-A3AB-2CDA66C1CD04}"
EndProject
Project("{2150E333-8FDC-42A3-9474-1A3956D46DE8}") = "tests", "tests", "{A857AD10-40FF-4303-BEC2-FF1C58D5735E}"
EndProject
Project("{2150E333-8FDC-42A3-9474-1A3956D46DE8}") = "ServiceTests", "ServiceTests", "{EF0337F2-ED00-4643-89FD-EE10863F1870}"
EndProject
Project("{2150E333-8FDC-42A3-9474-1A3956D46DE8}") = "BuildingBlocks", "BuildingBlocks", "{DB0EFB20-B024-4E5E-A75C-52143C131D25}"
EndProject
Project("{2150E333-8FDC-42A3-9474-1A3956D46DE8}") = "EventBus", "EventBus", "{807BB76E-B2BB-47A2-A57B-3D1B20FF5E7F}"
EndProject
Project("{9A19103F-16F7-4668-BE54-9A1E7A4F7556}") = "EventBus", "BuildingBlocks\EventBus\EventBus\EventBus.csproj", "{0044B293-1DCC-4224-B948-00CF6DC7F510}"
EndProject
Project("{9A19103F-16F7-4668-BE54-9A1E7A4F7556}") = "EventBusRabbitMQ", "BuildingBlocks\EventBus\EventBusRabbitMQ\EventBusRabbitMQ.csproj", "{8088F3FC-6787-45FA-A924-816EC81CBFAC}"
EndProject
Project("{9A19103F-16F7-4668-BE54-9A1E7A4F7556}") = "IntegrationEventLogEF", "BuildingBlocks\EventBus\IntegrationEventLogEF\IntegrationEventLogEF.csproj", "{9EE28E45-1533-472B-8267-56C48855BA0E}"
EndProject
Project("{9A19103F-16F7-4668-BE54-9A1E7A4F7556}") = "EventBusServiceBus", "BuildingBlocks\EventBus\EventBusServiceBus\EventBusServiceBus.csproj", "{69AF10D3-AA76-4FF7-B187-EC7E8CC5F5B8}"
EndProject
Project("{2150E333-8FDC-42A3-9474-1A3956D46DE8}") = "WebHost", "WebHost", "{1815B651-941C-466B-AE33-D1D7EEB8F77F}"
EndProject
Project("{9A19103F-16F7-4668-BE54-9A1E7A4F7556}") = "WebHost.Customization", "BuildingBlocks\WebHostCustomization\WebHost.Customization\WebHost.Customization.csproj", "{15F4B3AA-89B6-4A0D-9051-414305974781}"
EndProject
Project("{2150E333-8FDC-42A3-9474-1A3956D46DE8}") = "ApiGateways", "ApiGateways", "{77849D35-37D4-4802-81DC-9477B2775A40}"
EndProject
Project("{2150E333-8FDC-42A3-9474-1A3956D46DE8}") = "Devspaces.Support", "Devspaces.Support", "{68F5041D-51F2-4630-94B6-B49789F5E51A}"
EndProject
Project("{9A19103F-16F7-4668-BE54-9A1E7A4F7556}") = "Devspaces.Support", "BuildingBlocks\Devspaces.Support\Devspaces.Support.csproj", "{56C2EF0B-6BF2-41D9-BE07-6E6D08D06B35}"
EndProject
Project("{2150E333-8FDC-42A3-9474-1A3956D46DE8}") = "BuyOrder", "BuyOrder", "{421AB10D-4456-4C83-90E1-6A4896944E62}"
EndProject
Project("{9A19103F-16F7-4668-BE54-9A1E7A4F7556}") = "BuyOrder.API", "Services\BuyOrder\BuyOrder.API\BuyOrder.API.csproj", "{E3B212B1-14E3-45A0-A10F-04C5F10511CD}"
EndProject
Project("{9A19103F-16F7-4668-BE54-9A1E7A4F7556}") = "BuyOrder.Domain", "Services\BuyOrder\BuyOrder.Domain\BuyOrder.Domain.csproj", "{1B8C3625-3A47-4DBC-918E-26FDBC22B400}"
EndProject
Project("{9A19103F-16F7-4668-BE54-9A1E7A4F7556}") = "BuyOrder.Infrastructure", "Services\BuyOrder\BuyOrder.Infrastructure\BuyOrder.Infrastructure.csproj", "{A9B74F7E-1E1D-4A2B-8A95-DAE38A072B92}"
EndProject
Project("{2150E333-8FDC-42A3-9474-1A3956D46DE8}") = "tests", "tests", "{1B707B61-4E72-4B5C-A73B-C29DF6A6297F}"
EndProject
Project("{9A19103F-16F7-4668-BE54-9A1E7A4F7556}") = "BuyOrder.FunctionalTests", "Services\BuyOrder\BuyOrder.FunctionalTests\BuyOrder.FunctionalTests.csproj", "{838A8C78-4FE0-4BC9-BF8D-8D9B8EA8A2BE}"
EndProject
Project("{9A19103F-16F7-4668-BE54-9A1E7A4F7556}") = "BuyOrder.UnitTests", "Services\BuyOrder\BuyOrder.UnitTests\BuyOrder.UnitTests.csproj", "{54DA0B45-525B-4CC5-A8EC-332F41DA4411}"
EndProject
Project("{2150E333-8FDC-42A3-9474-1A3956D46DE8}") = "Mobile", "Mobile", "{E0B4F269-2B0A-455C-A721-40A997E942A8}"
EndProject
Project("{2150E333-8FDC-42A3-9474-1A3956D46DE8}") = "AccBalance", "AccBalance", "{177F9819-E90D-4277-8A48-DFD7F430DC1F}"
EndProject
Project("{9A19103F-16F7-4668-BE54-9A1E7A4F7556}") = "AccBalance.API", "Services\AccBalance\AccBalance.API\AccBalance.API.csproj", "{1958484E-EEFB-4AFB-8C61-1ADF7B8C1DA6}"
EndProject
Project("{9A19103F-16F7-4668-BE54-9A1E7A4F7556}") = "AccBalance.Domain", "Services\AccBalance\AccBalance.Domain\AccBalance.Domain.csproj", "{76D287FE-5A3C-42CC-BCC4-25DA80794DD8}"
EndProject
Project("{9A19103F-16F7-4668-BE54-9A1E7A4F7556}") = "AccBalance.Infrastructure", "Services\AccBalance\AccBalance.Infrastructure\AccBalance.Infrastructure.csproj", "{22D69FB4-C3EB-4DEA-A605-002DC01C7ADC}"
EndProject
Project("{2150E333-8FDC-42A3-9474-1A3956D46DE8}") = "tests", "tests", "{E61BF9CB-7790-4885-AA84-7052C9F2FEEF}"
EndProject
Project("{9A19103F-16F7-4668-BE54-9A1E7A4F7556}") = "AccBalance.UnitTests", "Services\AccBalance\AccBalance.UnitTests\AccBalance.UnitTests.csproj", "{CA79D1DE-F6C5-4B2D-9E01-771D0AB2CD81}"
EndProject
Project("{9A19103F-16F7-4668-BE54-9A1E7A4F7556}") = "AccBalance.FunctionalTests", "Services\AccBalance\AccBalance.FunctionalTests\AccBalance.FunctionalTests.csproj", "{9FE860B6-DE5D-4614-82CF-FA6AF009F9C1}"
EndProject
Project("{2150E333-8FDC-42A3-9474-1A3956D46DE8}") = "Base", "Base", "{C01EA2CA-57B5-460C-94D1-5C4822DD78B9}"
EndProject
Project("{9A19103F-16F7-4668-BE54-9A1E7A4F7556}") = "SeedWork", "BuildingBlocks\Base\SeedWork\SeedWork.csproj", "{CD92060D-CD5F-42E4-9E6E-271350979059}"
EndProject
Project("{9A19103F-16F7-4668-BE54-9A1E7A4F7556}") = "BaseAggregate", "BuildingBlocks\Base\BaseAggregate\BaseAggregate.csproj", "{FB517ABF-00C4-4B37-972C-C049219AB7A5}"
EndProject
Project("{9A19103F-16F7-4668-BE54-9A1E7A4F7556}") = "EventBusKafka", "BuildingBlocks\EventBus\EventBusKafka\EventBusKafka.csproj", "{50A6F0E3-CADC-4070-AD0B-F8B97ACDB8A6}"
EndProject
Project("{2150E333-8FDC-42A3-9474-1A3956D46DE8}") = "APIOrder", "APIOrder", "{E7E8CC7B-2F57-4169-AFD1-918B66620D69}"
EndProject
Project("{FAE04EC0-301F-11D3-BF4B-00C04F79EFBC}") = "APIOrder", "ApiGateways\APIOrder\APIOrder\APIOrder.csproj", "{59A8B162-8A2C-47E9-AB0B-D92EA5189E90}"
EndProject
Project("{2150E333-8FDC-42A3-9474-1A3956D46DE8}") = "Order", "Order", "{2DA7BFB9-CC1D-41CB-8423-902E258CE7E6}"
EndProject
Project("{FAE04EC0-301F-11D3-BF4B-00C04F79EFBC}") = "Order.API", "ApiGateways\Order\Order.API\Order.API.csproj", "{D4A4A7A9-6590-429F-ACDF-2A83BCC6BAB7}"
EndProject
Project("{FAE04EC0-301F-11D3-BF4B-00C04F79EFBC}") = "Order.Infrastructure", "ApiGateways\Order\Order.Infrastructure\Order.Infrastructure.csproj", "{B7B97C75-B69A-4FE1-8BD5-FFD3325AAF13}"
EndProject
Global
	GlobalSection(SolutionConfigurationPlatforms) = preSolution
		Ad-Hoc|Any CPU = Ad-Hoc|Any CPU
		Ad-Hoc|ARM = Ad-Hoc|ARM
		Ad-Hoc|iPhone = Ad-Hoc|iPhone
		Ad-Hoc|iPhoneSimulator = Ad-Hoc|iPhoneSimulator
		Ad-Hoc|x64 = Ad-Hoc|x64
		Ad-Hoc|x86 = Ad-Hoc|x86
		AppStore|Any CPU = AppStore|Any CPU
		AppStore|ARM = AppStore|ARM
		AppStore|iPhone = AppStore|iPhone
		AppStore|iPhoneSimulator = AppStore|iPhoneSimulator
		AppStore|x64 = AppStore|x64
		AppStore|x86 = AppStore|x86
		Debug|Any CPU = Debug|Any CPU
		Debug|ARM = Debug|ARM
		Debug|iPhone = Debug|iPhone
		Debug|iPhoneSimulator = Debug|iPhoneSimulator
		Debug|x64 = Debug|x64
		Debug|x86 = Debug|x86
		Release|Any CPU = Release|Any CPU
		Release|ARM = Release|ARM
		Release|iPhone = Release|iPhone
		Release|iPhoneSimulator = Release|iPhoneSimulator
		Release|x64 = Release|x64
		Release|x86 = Release|x86
	EndGlobalSection
	GlobalSection(ProjectConfigurationPlatforms) = postSolution
		{0044B293-1DCC-4224-B948-00CF6DC7F510}.Ad-Hoc|Any CPU.ActiveCfg = Debug|Any CPU
		{0044B293-1DCC-4224-B948-00CF6DC7F510}.Ad-Hoc|Any CPU.Build.0 = Debug|Any CPU
		{0044B293-1DCC-4224-B948-00CF6DC7F510}.Ad-Hoc|ARM.ActiveCfg = Debug|Any CPU
		{0044B293-1DCC-4224-B948-00CF6DC7F510}.Ad-Hoc|ARM.Build.0 = Debug|Any CPU
		{0044B293-1DCC-4224-B948-00CF6DC7F510}.Ad-Hoc|iPhone.ActiveCfg = Debug|Any CPU
		{0044B293-1DCC-4224-B948-00CF6DC7F510}.Ad-Hoc|iPhone.Build.0 = Debug|Any CPU
		{0044B293-1DCC-4224-B948-00CF6DC7F510}.Ad-Hoc|iPhoneSimulator.ActiveCfg = Debug|Any CPU
		{0044B293-1DCC-4224-B948-00CF6DC7F510}.Ad-Hoc|iPhoneSimulator.Build.0 = Debug|Any CPU
		{0044B293-1DCC-4224-B948-00CF6DC7F510}.Ad-Hoc|x64.ActiveCfg = Debug|Any CPU
		{0044B293-1DCC-4224-B948-00CF6DC7F510}.Ad-Hoc|x64.Build.0 = Debug|Any CPU
		{0044B293-1DCC-4224-B948-00CF6DC7F510}.Ad-Hoc|x86.ActiveCfg = Debug|Any CPU
		{0044B293-1DCC-4224-B948-00CF6DC7F510}.Ad-Hoc|x86.Build.0 = Debug|Any CPU
		{0044B293-1DCC-4224-B948-00CF6DC7F510}.AppStore|Any CPU.ActiveCfg = Debug|Any CPU
		{0044B293-1DCC-4224-B948-00CF6DC7F510}.AppStore|Any CPU.Build.0 = Debug|Any CPU
		{0044B293-1DCC-4224-B948-00CF6DC7F510}.AppStore|ARM.ActiveCfg = Debug|Any CPU
		{0044B293-1DCC-4224-B948-00CF6DC7F510}.AppStore|ARM.Build.0 = Debug|Any CPU
		{0044B293-1DCC-4224-B948-00CF6DC7F510}.AppStore|iPhone.ActiveCfg = Debug|Any CPU
		{0044B293-1DCC-4224-B948-00CF6DC7F510}.AppStore|iPhone.Build.0 = Debug|Any CPU
		{0044B293-1DCC-4224-B948-00CF6DC7F510}.AppStore|iPhoneSimulator.ActiveCfg = Debug|Any CPU
		{0044B293-1DCC-4224-B948-00CF6DC7F510}.AppStore|iPhoneSimulator.Build.0 = Debug|Any CPU
		{0044B293-1DCC-4224-B948-00CF6DC7F510}.AppStore|x64.ActiveCfg = Debug|Any CPU
		{0044B293-1DCC-4224-B948-00CF6DC7F510}.AppStore|x64.Build.0 = Debug|Any CPU
		{0044B293-1DCC-4224-B948-00CF6DC7F510}.AppStore|x86.ActiveCfg = Debug|Any CPU
		{0044B293-1DCC-4224-B948-00CF6DC7F510}.AppStore|x86.Build.0 = Debug|Any CPU
		{0044B293-1DCC-4224-B948-00CF6DC7F510}.Debug|Any CPU.ActiveCfg = Debug|Any CPU
		{0044B293-1DCC-4224-B948-00CF6DC7F510}.Debug|Any CPU.Build.0 = Debug|Any CPU
		{0044B293-1DCC-4224-B948-00CF6DC7F510}.Debug|ARM.ActiveCfg = Debug|Any CPU
		{0044B293-1DCC-4224-B948-00CF6DC7F510}.Debug|ARM.Build.0 = Debug|Any CPU
		{0044B293-1DCC-4224-B948-00CF6DC7F510}.Debug|iPhone.ActiveCfg = Debug|Any CPU
		{0044B293-1DCC-4224-B948-00CF6DC7F510}.Debug|iPhone.Build.0 = Debug|Any CPU
		{0044B293-1DCC-4224-B948-00CF6DC7F510}.Debug|iPhoneSimulator.ActiveCfg = Debug|Any CPU
		{0044B293-1DCC-4224-B948-00CF6DC7F510}.Debug|iPhoneSimulator.Build.0 = Debug|Any CPU
		{0044B293-1DCC-4224-B948-00CF6DC7F510}.Debug|x64.ActiveCfg = Debug|Any CPU
		{0044B293-1DCC-4224-B948-00CF6DC7F510}.Debug|x64.Build.0 = Debug|Any CPU
		{0044B293-1DCC-4224-B948-00CF6DC7F510}.Debug|x86.ActiveCfg = Debug|Any CPU
		{0044B293-1DCC-4224-B948-00CF6DC7F510}.Debug|x86.Build.0 = Debug|Any CPU
		{0044B293-1DCC-4224-B948-00CF6DC7F510}.Release|Any CPU.ActiveCfg = Release|Any CPU
		{0044B293-1DCC-4224-B948-00CF6DC7F510}.Release|Any CPU.Build.0 = Release|Any CPU
		{0044B293-1DCC-4224-B948-00CF6DC7F510}.Release|ARM.ActiveCfg = Release|Any CPU
		{0044B293-1DCC-4224-B948-00CF6DC7F510}.Release|ARM.Build.0 = Release|Any CPU
		{0044B293-1DCC-4224-B948-00CF6DC7F510}.Release|iPhone.ActiveCfg = Release|Any CPU
		{0044B293-1DCC-4224-B948-00CF6DC7F510}.Release|iPhone.Build.0 = Release|Any CPU
		{0044B293-1DCC-4224-B948-00CF6DC7F510}.Release|iPhoneSimulator.ActiveCfg = Release|Any CPU
		{0044B293-1DCC-4224-B948-00CF6DC7F510}.Release|iPhoneSimulator.Build.0 = Release|Any CPU
		{0044B293-1DCC-4224-B948-00CF6DC7F510}.Release|x64.ActiveCfg = Release|Any CPU
		{0044B293-1DCC-4224-B948-00CF6DC7F510}.Release|x64.Build.0 = Release|Any CPU
		{0044B293-1DCC-4224-B948-00CF6DC7F510}.Release|x86.ActiveCfg = Release|Any CPU
		{0044B293-1DCC-4224-B948-00CF6DC7F510}.Release|x86.Build.0 = Release|Any CPU
		{8088F3FC-6787-45FA-A924-816EC81CBFAC}.Ad-Hoc|Any CPU.ActiveCfg = Debug|Any CPU
		{8088F3FC-6787-45FA-A924-816EC81CBFAC}.Ad-Hoc|Any CPU.Build.0 = Debug|Any CPU
		{8088F3FC-6787-45FA-A924-816EC81CBFAC}.Ad-Hoc|ARM.ActiveCfg = Debug|Any CPU
		{8088F3FC-6787-45FA-A924-816EC81CBFAC}.Ad-Hoc|ARM.Build.0 = Debug|Any CPU
		{8088F3FC-6787-45FA-A924-816EC81CBFAC}.Ad-Hoc|iPhone.ActiveCfg = Debug|Any CPU
		{8088F3FC-6787-45FA-A924-816EC81CBFAC}.Ad-Hoc|iPhone.Build.0 = Debug|Any CPU
		{8088F3FC-6787-45FA-A924-816EC81CBFAC}.Ad-Hoc|iPhoneSimulator.ActiveCfg = Debug|Any CPU
		{8088F3FC-6787-45FA-A924-816EC81CBFAC}.Ad-Hoc|iPhoneSimulator.Build.0 = Debug|Any CPU
		{8088F3FC-6787-45FA-A924-816EC81CBFAC}.Ad-Hoc|x64.ActiveCfg = Debug|Any CPU
		{8088F3FC-6787-45FA-A924-816EC81CBFAC}.Ad-Hoc|x64.Build.0 = Debug|Any CPU
		{8088F3FC-6787-45FA-A924-816EC81CBFAC}.Ad-Hoc|x86.ActiveCfg = Debug|Any CPU
		{8088F3FC-6787-45FA-A924-816EC81CBFAC}.Ad-Hoc|x86.Build.0 = Debug|Any CPU
		{8088F3FC-6787-45FA-A924-816EC81CBFAC}.AppStore|Any CPU.ActiveCfg = Debug|Any CPU
		{8088F3FC-6787-45FA-A924-816EC81CBFAC}.AppStore|Any CPU.Build.0 = Debug|Any CPU
		{8088F3FC-6787-45FA-A924-816EC81CBFAC}.AppStore|ARM.ActiveCfg = Debug|Any CPU
		{8088F3FC-6787-45FA-A924-816EC81CBFAC}.AppStore|ARM.Build.0 = Debug|Any CPU
		{8088F3FC-6787-45FA-A924-816EC81CBFAC}.AppStore|iPhone.ActiveCfg = Debug|Any CPU
		{8088F3FC-6787-45FA-A924-816EC81CBFAC}.AppStore|iPhone.Build.0 = Debug|Any CPU
		{8088F3FC-6787-45FA-A924-816EC81CBFAC}.AppStore|iPhoneSimulator.ActiveCfg = Debug|Any CPU
		{8088F3FC-6787-45FA-A924-816EC81CBFAC}.AppStore|iPhoneSimulator.Build.0 = Debug|Any CPU
		{8088F3FC-6787-45FA-A924-816EC81CBFAC}.AppStore|x64.ActiveCfg = Debug|Any CPU
		{8088F3FC-6787-45FA-A924-816EC81CBFAC}.AppStore|x64.Build.0 = Debug|Any CPU
		{8088F3FC-6787-45FA-A924-816EC81CBFAC}.AppStore|x86.ActiveCfg = Debug|Any CPU
		{8088F3FC-6787-45FA-A924-816EC81CBFAC}.AppStore|x86.Build.0 = Debug|Any CPU
		{8088F3FC-6787-45FA-A924-816EC81CBFAC}.Debug|Any CPU.ActiveCfg = Debug|Any CPU
		{8088F3FC-6787-45FA-A924-816EC81CBFAC}.Debug|Any CPU.Build.0 = Debug|Any CPU
		{8088F3FC-6787-45FA-A924-816EC81CBFAC}.Debug|ARM.ActiveCfg = Debug|Any CPU
		{8088F3FC-6787-45FA-A924-816EC81CBFAC}.Debug|ARM.Build.0 = Debug|Any CPU
		{8088F3FC-6787-45FA-A924-816EC81CBFAC}.Debug|iPhone.ActiveCfg = Debug|Any CPU
		{8088F3FC-6787-45FA-A924-816EC81CBFAC}.Debug|iPhone.Build.0 = Debug|Any CPU
		{8088F3FC-6787-45FA-A924-816EC81CBFAC}.Debug|iPhoneSimulator.ActiveCfg = Debug|Any CPU
		{8088F3FC-6787-45FA-A924-816EC81CBFAC}.Debug|iPhoneSimulator.Build.0 = Debug|Any CPU
		{8088F3FC-6787-45FA-A924-816EC81CBFAC}.Debug|x64.ActiveCfg = Debug|Any CPU
		{8088F3FC-6787-45FA-A924-816EC81CBFAC}.Debug|x64.Build.0 = Debug|Any CPU
		{8088F3FC-6787-45FA-A924-816EC81CBFAC}.Debug|x86.ActiveCfg = Debug|Any CPU
		{8088F3FC-6787-45FA-A924-816EC81CBFAC}.Debug|x86.Build.0 = Debug|Any CPU
		{8088F3FC-6787-45FA-A924-816EC81CBFAC}.Release|Any CPU.ActiveCfg = Release|Any CPU
		{8088F3FC-6787-45FA-A924-816EC81CBFAC}.Release|Any CPU.Build.0 = Release|Any CPU
		{8088F3FC-6787-45FA-A924-816EC81CBFAC}.Release|ARM.ActiveCfg = Release|Any CPU
		{8088F3FC-6787-45FA-A924-816EC81CBFAC}.Release|ARM.Build.0 = Release|Any CPU
		{8088F3FC-6787-45FA-A924-816EC81CBFAC}.Release|iPhone.ActiveCfg = Release|Any CPU
		{8088F3FC-6787-45FA-A924-816EC81CBFAC}.Release|iPhone.Build.0 = Release|Any CPU
		{8088F3FC-6787-45FA-A924-816EC81CBFAC}.Release|iPhoneSimulator.ActiveCfg = Release|Any CPU
		{8088F3FC-6787-45FA-A924-816EC81CBFAC}.Release|iPhoneSimulator.Build.0 = Release|Any CPU
		{8088F3FC-6787-45FA-A924-816EC81CBFAC}.Release|x64.ActiveCfg = Release|Any CPU
		{8088F3FC-6787-45FA-A924-816EC81CBFAC}.Release|x64.Build.0 = Release|Any CPU
		{8088F3FC-6787-45FA-A924-816EC81CBFAC}.Release|x86.ActiveCfg = Release|Any CPU
		{8088F3FC-6787-45FA-A924-816EC81CBFAC}.Release|x86.Build.0 = Release|Any CPU
		{9EE28E45-1533-472B-8267-56C48855BA0E}.Ad-Hoc|Any CPU.ActiveCfg = Debug|Any CPU
		{9EE28E45-1533-472B-8267-56C48855BA0E}.Ad-Hoc|Any CPU.Build.0 = Debug|Any CPU
		{9EE28E45-1533-472B-8267-56C48855BA0E}.Ad-Hoc|ARM.ActiveCfg = Debug|Any CPU
		{9EE28E45-1533-472B-8267-56C48855BA0E}.Ad-Hoc|ARM.Build.0 = Debug|Any CPU
		{9EE28E45-1533-472B-8267-56C48855BA0E}.Ad-Hoc|iPhone.ActiveCfg = Debug|Any CPU
		{9EE28E45-1533-472B-8267-56C48855BA0E}.Ad-Hoc|iPhone.Build.0 = Debug|Any CPU
		{9EE28E45-1533-472B-8267-56C48855BA0E}.Ad-Hoc|iPhoneSimulator.ActiveCfg = Debug|Any CPU
		{9EE28E45-1533-472B-8267-56C48855BA0E}.Ad-Hoc|iPhoneSimulator.Build.0 = Debug|Any CPU
		{9EE28E45-1533-472B-8267-56C48855BA0E}.Ad-Hoc|x64.ActiveCfg = Debug|Any CPU
		{9EE28E45-1533-472B-8267-56C48855BA0E}.Ad-Hoc|x64.Build.0 = Debug|Any CPU
		{9EE28E45-1533-472B-8267-56C48855BA0E}.Ad-Hoc|x86.ActiveCfg = Debug|Any CPU
		{9EE28E45-1533-472B-8267-56C48855BA0E}.Ad-Hoc|x86.Build.0 = Debug|Any CPU
		{9EE28E45-1533-472B-8267-56C48855BA0E}.AppStore|Any CPU.ActiveCfg = Debug|Any CPU
		{9EE28E45-1533-472B-8267-56C48855BA0E}.AppStore|Any CPU.Build.0 = Debug|Any CPU
		{9EE28E45-1533-472B-8267-56C48855BA0E}.AppStore|ARM.ActiveCfg = Debug|Any CPU
		{9EE28E45-1533-472B-8267-56C48855BA0E}.AppStore|ARM.Build.0 = Debug|Any CPU
		{9EE28E45-1533-472B-8267-56C48855BA0E}.AppStore|iPhone.ActiveCfg = Debug|Any CPU
		{9EE28E45-1533-472B-8267-56C48855BA0E}.AppStore|iPhone.Build.0 = Debug|Any CPU
		{9EE28E45-1533-472B-8267-56C48855BA0E}.AppStore|iPhoneSimulator.ActiveCfg = Debug|Any CPU
		{9EE28E45-1533-472B-8267-56C48855BA0E}.AppStore|iPhoneSimulator.Build.0 = Debug|Any CPU
		{9EE28E45-1533-472B-8267-56C48855BA0E}.AppStore|x64.ActiveCfg = Debug|Any CPU
		{9EE28E45-1533-472B-8267-56C48855BA0E}.AppStore|x64.Build.0 = Debug|Any CPU
		{9EE28E45-1533-472B-8267-56C48855BA0E}.AppStore|x86.ActiveCfg = Debug|Any CPU
		{9EE28E45-1533-472B-8267-56C48855BA0E}.AppStore|x86.Build.0 = Debug|Any CPU
		{9EE28E45-1533-472B-8267-56C48855BA0E}.Debug|Any CPU.ActiveCfg = Debug|Any CPU
		{9EE28E45-1533-472B-8267-56C48855BA0E}.Debug|Any CPU.Build.0 = Debug|Any CPU
		{9EE28E45-1533-472B-8267-56C48855BA0E}.Debug|ARM.ActiveCfg = Debug|Any CPU
		{9EE28E45-1533-472B-8267-56C48855BA0E}.Debug|ARM.Build.0 = Debug|Any CPU
		{9EE28E45-1533-472B-8267-56C48855BA0E}.Debug|iPhone.ActiveCfg = Debug|Any CPU
		{9EE28E45-1533-472B-8267-56C48855BA0E}.Debug|iPhone.Build.0 = Debug|Any CPU
		{9EE28E45-1533-472B-8267-56C48855BA0E}.Debug|iPhoneSimulator.ActiveCfg = Debug|Any CPU
		{9EE28E45-1533-472B-8267-56C48855BA0E}.Debug|iPhoneSimulator.Build.0 = Debug|Any CPU
		{9EE28E45-1533-472B-8267-56C48855BA0E}.Debug|x64.ActiveCfg = Debug|Any CPU
		{9EE28E45-1533-472B-8267-56C48855BA0E}.Debug|x64.Build.0 = Debug|Any CPU
		{9EE28E45-1533-472B-8267-56C48855BA0E}.Debug|x86.ActiveCfg = Debug|Any CPU
		{9EE28E45-1533-472B-8267-56C48855BA0E}.Debug|x86.Build.0 = Debug|Any CPU
		{9EE28E45-1533-472B-8267-56C48855BA0E}.Release|Any CPU.ActiveCfg = Release|Any CPU
		{9EE28E45-1533-472B-8267-56C48855BA0E}.Release|Any CPU.Build.0 = Release|Any CPU
		{9EE28E45-1533-472B-8267-56C48855BA0E}.Release|ARM.ActiveCfg = Release|Any CPU
		{9EE28E45-1533-472B-8267-56C48855BA0E}.Release|ARM.Build.0 = Release|Any CPU
		{9EE28E45-1533-472B-8267-56C48855BA0E}.Release|iPhone.ActiveCfg = Release|Any CPU
		{9EE28E45-1533-472B-8267-56C48855BA0E}.Release|iPhone.Build.0 = Release|Any CPU
		{9EE28E45-1533-472B-8267-56C48855BA0E}.Release|iPhoneSimulator.ActiveCfg = Release|Any CPU
		{9EE28E45-1533-472B-8267-56C48855BA0E}.Release|iPhoneSimulator.Build.0 = Release|Any CPU
		{9EE28E45-1533-472B-8267-56C48855BA0E}.Release|x64.ActiveCfg = Release|Any CPU
		{9EE28E45-1533-472B-8267-56C48855BA0E}.Release|x64.Build.0 = Release|Any CPU
		{9EE28E45-1533-472B-8267-56C48855BA0E}.Release|x86.ActiveCfg = Release|Any CPU
		{9EE28E45-1533-472B-8267-56C48855BA0E}.Release|x86.Build.0 = Release|Any CPU
		{69AF10D3-AA76-4FF7-B187-EC7E8CC5F5B8}.Ad-Hoc|Any CPU.ActiveCfg = Debug|Any CPU
		{69AF10D3-AA76-4FF7-B187-EC7E8CC5F5B8}.Ad-Hoc|Any CPU.Build.0 = Debug|Any CPU
		{69AF10D3-AA76-4FF7-B187-EC7E8CC5F5B8}.Ad-Hoc|ARM.ActiveCfg = Debug|Any CPU
		{69AF10D3-AA76-4FF7-B187-EC7E8CC5F5B8}.Ad-Hoc|ARM.Build.0 = Debug|Any CPU
		{69AF10D3-AA76-4FF7-B187-EC7E8CC5F5B8}.Ad-Hoc|iPhone.ActiveCfg = Debug|Any CPU
		{69AF10D3-AA76-4FF7-B187-EC7E8CC5F5B8}.Ad-Hoc|iPhone.Build.0 = Debug|Any CPU
		{69AF10D3-AA76-4FF7-B187-EC7E8CC5F5B8}.Ad-Hoc|iPhoneSimulator.ActiveCfg = Debug|Any CPU
		{69AF10D3-AA76-4FF7-B187-EC7E8CC5F5B8}.Ad-Hoc|iPhoneSimulator.Build.0 = Debug|Any CPU
		{69AF10D3-AA76-4FF7-B187-EC7E8CC5F5B8}.Ad-Hoc|x64.ActiveCfg = Debug|Any CPU
		{69AF10D3-AA76-4FF7-B187-EC7E8CC5F5B8}.Ad-Hoc|x64.Build.0 = Debug|Any CPU
		{69AF10D3-AA76-4FF7-B187-EC7E8CC5F5B8}.Ad-Hoc|x86.ActiveCfg = Debug|Any CPU
		{69AF10D3-AA76-4FF7-B187-EC7E8CC5F5B8}.Ad-Hoc|x86.Build.0 = Debug|Any CPU
		{69AF10D3-AA76-4FF7-B187-EC7E8CC5F5B8}.AppStore|Any CPU.ActiveCfg = Debug|Any CPU
		{69AF10D3-AA76-4FF7-B187-EC7E8CC5F5B8}.AppStore|Any CPU.Build.0 = Debug|Any CPU
		{69AF10D3-AA76-4FF7-B187-EC7E8CC5F5B8}.AppStore|ARM.ActiveCfg = Debug|Any CPU
		{69AF10D3-AA76-4FF7-B187-EC7E8CC5F5B8}.AppStore|ARM.Build.0 = Debug|Any CPU
		{69AF10D3-AA76-4FF7-B187-EC7E8CC5F5B8}.AppStore|iPhone.ActiveCfg = Debug|Any CPU
		{69AF10D3-AA76-4FF7-B187-EC7E8CC5F5B8}.AppStore|iPhone.Build.0 = Debug|Any CPU
		{69AF10D3-AA76-4FF7-B187-EC7E8CC5F5B8}.AppStore|iPhoneSimulator.ActiveCfg = Debug|Any CPU
		{69AF10D3-AA76-4FF7-B187-EC7E8CC5F5B8}.AppStore|iPhoneSimulator.Build.0 = Debug|Any CPU
		{69AF10D3-AA76-4FF7-B187-EC7E8CC5F5B8}.AppStore|x64.ActiveCfg = Debug|Any CPU
		{69AF10D3-AA76-4FF7-B187-EC7E8CC5F5B8}.AppStore|x64.Build.0 = Debug|Any CPU
		{69AF10D3-AA76-4FF7-B187-EC7E8CC5F5B8}.AppStore|x86.ActiveCfg = Debug|Any CPU
		{69AF10D3-AA76-4FF7-B187-EC7E8CC5F5B8}.AppStore|x86.Build.0 = Debug|Any CPU
		{69AF10D3-AA76-4FF7-B187-EC7E8CC5F5B8}.Debug|Any CPU.ActiveCfg = Debug|Any CPU
		{69AF10D3-AA76-4FF7-B187-EC7E8CC5F5B8}.Debug|Any CPU.Build.0 = Debug|Any CPU
		{69AF10D3-AA76-4FF7-B187-EC7E8CC5F5B8}.Debug|ARM.ActiveCfg = Debug|Any CPU
		{69AF10D3-AA76-4FF7-B187-EC7E8CC5F5B8}.Debug|ARM.Build.0 = Debug|Any CPU
		{69AF10D3-AA76-4FF7-B187-EC7E8CC5F5B8}.Debug|iPhone.ActiveCfg = Debug|Any CPU
		{69AF10D3-AA76-4FF7-B187-EC7E8CC5F5B8}.Debug|iPhone.Build.0 = Debug|Any CPU
		{69AF10D3-AA76-4FF7-B187-EC7E8CC5F5B8}.Debug|iPhoneSimulator.ActiveCfg = Debug|Any CPU
		{69AF10D3-AA76-4FF7-B187-EC7E8CC5F5B8}.Debug|iPhoneSimulator.Build.0 = Debug|Any CPU
		{69AF10D3-AA76-4FF7-B187-EC7E8CC5F5B8}.Debug|x64.ActiveCfg = Debug|Any CPU
		{69AF10D3-AA76-4FF7-B187-EC7E8CC5F5B8}.Debug|x64.Build.0 = Debug|Any CPU
		{69AF10D3-AA76-4FF7-B187-EC7E8CC5F5B8}.Debug|x86.ActiveCfg = Debug|Any CPU
		{69AF10D3-AA76-4FF7-B187-EC7E8CC5F5B8}.Debug|x86.Build.0 = Debug|Any CPU
		{69AF10D3-AA76-4FF7-B187-EC7E8CC5F5B8}.Release|Any CPU.ActiveCfg = Release|Any CPU
		{69AF10D3-AA76-4FF7-B187-EC7E8CC5F5B8}.Release|Any CPU.Build.0 = Release|Any CPU
		{69AF10D3-AA76-4FF7-B187-EC7E8CC5F5B8}.Release|ARM.ActiveCfg = Release|Any CPU
		{69AF10D3-AA76-4FF7-B187-EC7E8CC5F5B8}.Release|ARM.Build.0 = Release|Any CPU
		{69AF10D3-AA76-4FF7-B187-EC7E8CC5F5B8}.Release|iPhone.ActiveCfg = Release|Any CPU
		{69AF10D3-AA76-4FF7-B187-EC7E8CC5F5B8}.Release|iPhone.Build.0 = Release|Any CPU
		{69AF10D3-AA76-4FF7-B187-EC7E8CC5F5B8}.Release|iPhoneSimulator.ActiveCfg = Release|Any CPU
		{69AF10D3-AA76-4FF7-B187-EC7E8CC5F5B8}.Release|iPhoneSimulator.Build.0 = Release|Any CPU
		{69AF10D3-AA76-4FF7-B187-EC7E8CC5F5B8}.Release|x64.ActiveCfg = Release|Any CPU
		{69AF10D3-AA76-4FF7-B187-EC7E8CC5F5B8}.Release|x64.Build.0 = Release|Any CPU
		{69AF10D3-AA76-4FF7-B187-EC7E8CC5F5B8}.Release|x86.ActiveCfg = Release|Any CPU
		{69AF10D3-AA76-4FF7-B187-EC7E8CC5F5B8}.Release|x86.Build.0 = Release|Any CPU
		{15F4B3AA-89B6-4A0D-9051-414305974781}.Ad-Hoc|Any CPU.ActiveCfg = Debug|Any CPU
		{15F4B3AA-89B6-4A0D-9051-414305974781}.Ad-Hoc|Any CPU.Build.0 = Debug|Any CPU
		{15F4B3AA-89B6-4A0D-9051-414305974781}.Ad-Hoc|ARM.ActiveCfg = Debug|Any CPU
		{15F4B3AA-89B6-4A0D-9051-414305974781}.Ad-Hoc|ARM.Build.0 = Debug|Any CPU
		{15F4B3AA-89B6-4A0D-9051-414305974781}.Ad-Hoc|iPhone.ActiveCfg = Debug|Any CPU
		{15F4B3AA-89B6-4A0D-9051-414305974781}.Ad-Hoc|iPhone.Build.0 = Debug|Any CPU
		{15F4B3AA-89B6-4A0D-9051-414305974781}.Ad-Hoc|iPhoneSimulator.ActiveCfg = Debug|Any CPU
		{15F4B3AA-89B6-4A0D-9051-414305974781}.Ad-Hoc|iPhoneSimulator.Build.0 = Debug|Any CPU
		{15F4B3AA-89B6-4A0D-9051-414305974781}.Ad-Hoc|x64.ActiveCfg = Debug|Any CPU
		{15F4B3AA-89B6-4A0D-9051-414305974781}.Ad-Hoc|x64.Build.0 = Debug|Any CPU
		{15F4B3AA-89B6-4A0D-9051-414305974781}.Ad-Hoc|x86.ActiveCfg = Debug|Any CPU
		{15F4B3AA-89B6-4A0D-9051-414305974781}.Ad-Hoc|x86.Build.0 = Debug|Any CPU
		{15F4B3AA-89B6-4A0D-9051-414305974781}.AppStore|Any CPU.ActiveCfg = Debug|Any CPU
		{15F4B3AA-89B6-4A0D-9051-414305974781}.AppStore|Any CPU.Build.0 = Debug|Any CPU
		{15F4B3AA-89B6-4A0D-9051-414305974781}.AppStore|ARM.ActiveCfg = Debug|Any CPU
		{15F4B3AA-89B6-4A0D-9051-414305974781}.AppStore|ARM.Build.0 = Debug|Any CPU
		{15F4B3AA-89B6-4A0D-9051-414305974781}.AppStore|iPhone.ActiveCfg = Debug|Any CPU
		{15F4B3AA-89B6-4A0D-9051-414305974781}.AppStore|iPhone.Build.0 = Debug|Any CPU
		{15F4B3AA-89B6-4A0D-9051-414305974781}.AppStore|iPhoneSimulator.ActiveCfg = Debug|Any CPU
		{15F4B3AA-89B6-4A0D-9051-414305974781}.AppStore|iPhoneSimulator.Build.0 = Debug|Any CPU
		{15F4B3AA-89B6-4A0D-9051-414305974781}.AppStore|x64.ActiveCfg = Debug|Any CPU
		{15F4B3AA-89B6-4A0D-9051-414305974781}.AppStore|x64.Build.0 = Debug|Any CPU
		{15F4B3AA-89B6-4A0D-9051-414305974781}.AppStore|x86.ActiveCfg = Debug|Any CPU
		{15F4B3AA-89B6-4A0D-9051-414305974781}.AppStore|x86.Build.0 = Debug|Any CPU
		{15F4B3AA-89B6-4A0D-9051-414305974781}.Debug|Any CPU.ActiveCfg = Debug|Any CPU
		{15F4B3AA-89B6-4A0D-9051-414305974781}.Debug|Any CPU.Build.0 = Debug|Any CPU
		{15F4B3AA-89B6-4A0D-9051-414305974781}.Debug|ARM.ActiveCfg = Debug|Any CPU
		{15F4B3AA-89B6-4A0D-9051-414305974781}.Debug|ARM.Build.0 = Debug|Any CPU
		{15F4B3AA-89B6-4A0D-9051-414305974781}.Debug|iPhone.ActiveCfg = Debug|Any CPU
		{15F4B3AA-89B6-4A0D-9051-414305974781}.Debug|iPhone.Build.0 = Debug|Any CPU
		{15F4B3AA-89B6-4A0D-9051-414305974781}.Debug|iPhoneSimulator.ActiveCfg = Debug|Any CPU
		{15F4B3AA-89B6-4A0D-9051-414305974781}.Debug|iPhoneSimulator.Build.0 = Debug|Any CPU
		{15F4B3AA-89B6-4A0D-9051-414305974781}.Debug|x64.ActiveCfg = Debug|Any CPU
		{15F4B3AA-89B6-4A0D-9051-414305974781}.Debug|x64.Build.0 = Debug|Any CPU
		{15F4B3AA-89B6-4A0D-9051-414305974781}.Debug|x86.ActiveCfg = Debug|Any CPU
		{15F4B3AA-89B6-4A0D-9051-414305974781}.Debug|x86.Build.0 = Debug|Any CPU
		{15F4B3AA-89B6-4A0D-9051-414305974781}.Release|Any CPU.ActiveCfg = Release|Any CPU
		{15F4B3AA-89B6-4A0D-9051-414305974781}.Release|Any CPU.Build.0 = Release|Any CPU
		{15F4B3AA-89B6-4A0D-9051-414305974781}.Release|ARM.ActiveCfg = Release|Any CPU
		{15F4B3AA-89B6-4A0D-9051-414305974781}.Release|ARM.Build.0 = Release|Any CPU
		{15F4B3AA-89B6-4A0D-9051-414305974781}.Release|iPhone.ActiveCfg = Release|Any CPU
		{15F4B3AA-89B6-4A0D-9051-414305974781}.Release|iPhone.Build.0 = Release|Any CPU
		{15F4B3AA-89B6-4A0D-9051-414305974781}.Release|iPhoneSimulator.ActiveCfg = Release|Any CPU
		{15F4B3AA-89B6-4A0D-9051-414305974781}.Release|iPhoneSimulator.Build.0 = Release|Any CPU
		{15F4B3AA-89B6-4A0D-9051-414305974781}.Release|x64.ActiveCfg = Release|Any CPU
		{15F4B3AA-89B6-4A0D-9051-414305974781}.Release|x64.Build.0 = Release|Any CPU
		{15F4B3AA-89B6-4A0D-9051-414305974781}.Release|x86.ActiveCfg = Release|Any CPU
		{15F4B3AA-89B6-4A0D-9051-414305974781}.Release|x86.Build.0 = Release|Any CPU
		{56C2EF0B-6BF2-41D9-BE07-6E6D08D06B35}.Ad-Hoc|Any CPU.ActiveCfg = Debug|Any CPU
		{56C2EF0B-6BF2-41D9-BE07-6E6D08D06B35}.Ad-Hoc|Any CPU.Build.0 = Debug|Any CPU
		{56C2EF0B-6BF2-41D9-BE07-6E6D08D06B35}.Ad-Hoc|ARM.ActiveCfg = Debug|Any CPU
		{56C2EF0B-6BF2-41D9-BE07-6E6D08D06B35}.Ad-Hoc|ARM.Build.0 = Debug|Any CPU
		{56C2EF0B-6BF2-41D9-BE07-6E6D08D06B35}.Ad-Hoc|iPhone.ActiveCfg = Debug|Any CPU
		{56C2EF0B-6BF2-41D9-BE07-6E6D08D06B35}.Ad-Hoc|iPhone.Build.0 = Debug|Any CPU
		{56C2EF0B-6BF2-41D9-BE07-6E6D08D06B35}.Ad-Hoc|iPhoneSimulator.ActiveCfg = Debug|Any CPU
		{56C2EF0B-6BF2-41D9-BE07-6E6D08D06B35}.Ad-Hoc|iPhoneSimulator.Build.0 = Debug|Any CPU
		{56C2EF0B-6BF2-41D9-BE07-6E6D08D06B35}.Ad-Hoc|x64.ActiveCfg = Debug|Any CPU
		{56C2EF0B-6BF2-41D9-BE07-6E6D08D06B35}.Ad-Hoc|x64.Build.0 = Debug|Any CPU
		{56C2EF0B-6BF2-41D9-BE07-6E6D08D06B35}.Ad-Hoc|x86.ActiveCfg = Debug|Any CPU
		{56C2EF0B-6BF2-41D9-BE07-6E6D08D06B35}.Ad-Hoc|x86.Build.0 = Debug|Any CPU
		{56C2EF0B-6BF2-41D9-BE07-6E6D08D06B35}.AppStore|Any CPU.ActiveCfg = Debug|Any CPU
		{56C2EF0B-6BF2-41D9-BE07-6E6D08D06B35}.AppStore|Any CPU.Build.0 = Debug|Any CPU
		{56C2EF0B-6BF2-41D9-BE07-6E6D08D06B35}.AppStore|ARM.ActiveCfg = Debug|Any CPU
		{56C2EF0B-6BF2-41D9-BE07-6E6D08D06B35}.AppStore|ARM.Build.0 = Debug|Any CPU
		{56C2EF0B-6BF2-41D9-BE07-6E6D08D06B35}.AppStore|iPhone.ActiveCfg = Debug|Any CPU
		{56C2EF0B-6BF2-41D9-BE07-6E6D08D06B35}.AppStore|iPhone.Build.0 = Debug|Any CPU
		{56C2EF0B-6BF2-41D9-BE07-6E6D08D06B35}.AppStore|iPhoneSimulator.ActiveCfg = Debug|Any CPU
		{56C2EF0B-6BF2-41D9-BE07-6E6D08D06B35}.AppStore|iPhoneSimulator.Build.0 = Debug|Any CPU
		{56C2EF0B-6BF2-41D9-BE07-6E6D08D06B35}.AppStore|x64.ActiveCfg = Debug|Any CPU
		{56C2EF0B-6BF2-41D9-BE07-6E6D08D06B35}.AppStore|x64.Build.0 = Debug|Any CPU
		{56C2EF0B-6BF2-41D9-BE07-6E6D08D06B35}.AppStore|x86.ActiveCfg = Debug|Any CPU
		{56C2EF0B-6BF2-41D9-BE07-6E6D08D06B35}.AppStore|x86.Build.0 = Debug|Any CPU
		{56C2EF0B-6BF2-41D9-BE07-6E6D08D06B35}.Debug|Any CPU.ActiveCfg = Debug|Any CPU
		{56C2EF0B-6BF2-41D9-BE07-6E6D08D06B35}.Debug|Any CPU.Build.0 = Debug|Any CPU
		{56C2EF0B-6BF2-41D9-BE07-6E6D08D06B35}.Debug|ARM.ActiveCfg = Debug|Any CPU
		{56C2EF0B-6BF2-41D9-BE07-6E6D08D06B35}.Debug|ARM.Build.0 = Debug|Any CPU
		{56C2EF0B-6BF2-41D9-BE07-6E6D08D06B35}.Debug|iPhone.ActiveCfg = Debug|Any CPU
		{56C2EF0B-6BF2-41D9-BE07-6E6D08D06B35}.Debug|iPhone.Build.0 = Debug|Any CPU
		{56C2EF0B-6BF2-41D9-BE07-6E6D08D06B35}.Debug|iPhoneSimulator.ActiveCfg = Debug|Any CPU
		{56C2EF0B-6BF2-41D9-BE07-6E6D08D06B35}.Debug|iPhoneSimulator.Build.0 = Debug|Any CPU
		{56C2EF0B-6BF2-41D9-BE07-6E6D08D06B35}.Debug|x64.ActiveCfg = Debug|Any CPU
		{56C2EF0B-6BF2-41D9-BE07-6E6D08D06B35}.Debug|x64.Build.0 = Debug|Any CPU
		{56C2EF0B-6BF2-41D9-BE07-6E6D08D06B35}.Debug|x86.ActiveCfg = Debug|Any CPU
		{56C2EF0B-6BF2-41D9-BE07-6E6D08D06B35}.Debug|x86.Build.0 = Debug|Any CPU
		{56C2EF0B-6BF2-41D9-BE07-6E6D08D06B35}.Release|Any CPU.ActiveCfg = Release|Any CPU
		{56C2EF0B-6BF2-41D9-BE07-6E6D08D06B35}.Release|Any CPU.Build.0 = Release|Any CPU
		{56C2EF0B-6BF2-41D9-BE07-6E6D08D06B35}.Release|ARM.ActiveCfg = Release|Any CPU
		{56C2EF0B-6BF2-41D9-BE07-6E6D08D06B35}.Release|ARM.Build.0 = Release|Any CPU
		{56C2EF0B-6BF2-41D9-BE07-6E6D08D06B35}.Release|iPhone.ActiveCfg = Release|Any CPU
		{56C2EF0B-6BF2-41D9-BE07-6E6D08D06B35}.Release|iPhone.Build.0 = Release|Any CPU
		{56C2EF0B-6BF2-41D9-BE07-6E6D08D06B35}.Release|iPhoneSimulator.ActiveCfg = Release|Any CPU
		{56C2EF0B-6BF2-41D9-BE07-6E6D08D06B35}.Release|iPhoneSimulator.Build.0 = Release|Any CPU
		{56C2EF0B-6BF2-41D9-BE07-6E6D08D06B35}.Release|x64.ActiveCfg = Release|Any CPU
		{56C2EF0B-6BF2-41D9-BE07-6E6D08D06B35}.Release|x64.Build.0 = Release|Any CPU
		{56C2EF0B-6BF2-41D9-BE07-6E6D08D06B35}.Release|x86.ActiveCfg = Release|Any CPU
		{56C2EF0B-6BF2-41D9-BE07-6E6D08D06B35}.Release|x86.Build.0 = Release|Any CPU
		{E3B212B1-14E3-45A0-A10F-04C5F10511CD}.Ad-Hoc|Any CPU.ActiveCfg = Debug|Any CPU
		{E3B212B1-14E3-45A0-A10F-04C5F10511CD}.Ad-Hoc|Any CPU.Build.0 = Debug|Any CPU
		{E3B212B1-14E3-45A0-A10F-04C5F10511CD}.Ad-Hoc|ARM.ActiveCfg = Debug|Any CPU
		{E3B212B1-14E3-45A0-A10F-04C5F10511CD}.Ad-Hoc|ARM.Build.0 = Debug|Any CPU
		{E3B212B1-14E3-45A0-A10F-04C5F10511CD}.Ad-Hoc|iPhone.ActiveCfg = Debug|Any CPU
		{E3B212B1-14E3-45A0-A10F-04C5F10511CD}.Ad-Hoc|iPhone.Build.0 = Debug|Any CPU
		{E3B212B1-14E3-45A0-A10F-04C5F10511CD}.Ad-Hoc|iPhoneSimulator.ActiveCfg = Debug|Any CPU
		{E3B212B1-14E3-45A0-A10F-04C5F10511CD}.Ad-Hoc|iPhoneSimulator.Build.0 = Debug|Any CPU
		{E3B212B1-14E3-45A0-A10F-04C5F10511CD}.Ad-Hoc|x64.ActiveCfg = Debug|Any CPU
		{E3B212B1-14E3-45A0-A10F-04C5F10511CD}.Ad-Hoc|x64.Build.0 = Debug|Any CPU
		{E3B212B1-14E3-45A0-A10F-04C5F10511CD}.Ad-Hoc|x86.ActiveCfg = Debug|Any CPU
		{E3B212B1-14E3-45A0-A10F-04C5F10511CD}.Ad-Hoc|x86.Build.0 = Debug|Any CPU
		{E3B212B1-14E3-45A0-A10F-04C5F10511CD}.AppStore|Any CPU.ActiveCfg = Debug|Any CPU
		{E3B212B1-14E3-45A0-A10F-04C5F10511CD}.AppStore|Any CPU.Build.0 = Debug|Any CPU
		{E3B212B1-14E3-45A0-A10F-04C5F10511CD}.AppStore|ARM.ActiveCfg = Debug|Any CPU
		{E3B212B1-14E3-45A0-A10F-04C5F10511CD}.AppStore|ARM.Build.0 = Debug|Any CPU
		{E3B212B1-14E3-45A0-A10F-04C5F10511CD}.AppStore|iPhone.ActiveCfg = Debug|Any CPU
		{E3B212B1-14E3-45A0-A10F-04C5F10511CD}.AppStore|iPhone.Build.0 = Debug|Any CPU
		{E3B212B1-14E3-45A0-A10F-04C5F10511CD}.AppStore|iPhoneSimulator.ActiveCfg = Debug|Any CPU
		{E3B212B1-14E3-45A0-A10F-04C5F10511CD}.AppStore|iPhoneSimulator.Build.0 = Debug|Any CPU
		{E3B212B1-14E3-45A0-A10F-04C5F10511CD}.AppStore|x64.ActiveCfg = Debug|Any CPU
		{E3B212B1-14E3-45A0-A10F-04C5F10511CD}.AppStore|x64.Build.0 = Debug|Any CPU
		{E3B212B1-14E3-45A0-A10F-04C5F10511CD}.AppStore|x86.ActiveCfg = Debug|Any CPU
		{E3B212B1-14E3-45A0-A10F-04C5F10511CD}.AppStore|x86.Build.0 = Debug|Any CPU
		{E3B212B1-14E3-45A0-A10F-04C5F10511CD}.Debug|Any CPU.ActiveCfg = Debug|Any CPU
		{E3B212B1-14E3-45A0-A10F-04C5F10511CD}.Debug|Any CPU.Build.0 = Debug|Any CPU
		{E3B212B1-14E3-45A0-A10F-04C5F10511CD}.Debug|ARM.ActiveCfg = Debug|Any CPU
		{E3B212B1-14E3-45A0-A10F-04C5F10511CD}.Debug|ARM.Build.0 = Debug|Any CPU
		{E3B212B1-14E3-45A0-A10F-04C5F10511CD}.Debug|iPhone.ActiveCfg = Debug|Any CPU
		{E3B212B1-14E3-45A0-A10F-04C5F10511CD}.Debug|iPhone.Build.0 = Debug|Any CPU
		{E3B212B1-14E3-45A0-A10F-04C5F10511CD}.Debug|iPhoneSimulator.ActiveCfg = Debug|Any CPU
		{E3B212B1-14E3-45A0-A10F-04C5F10511CD}.Debug|iPhoneSimulator.Build.0 = Debug|Any CPU
		{E3B212B1-14E3-45A0-A10F-04C5F10511CD}.Debug|x64.ActiveCfg = Debug|Any CPU
		{E3B212B1-14E3-45A0-A10F-04C5F10511CD}.Debug|x64.Build.0 = Debug|Any CPU
		{E3B212B1-14E3-45A0-A10F-04C5F10511CD}.Debug|x86.ActiveCfg = Debug|Any CPU
		{E3B212B1-14E3-45A0-A10F-04C5F10511CD}.Debug|x86.Build.0 = Debug|Any CPU
		{E3B212B1-14E3-45A0-A10F-04C5F10511CD}.Release|Any CPU.ActiveCfg = Release|Any CPU
		{E3B212B1-14E3-45A0-A10F-04C5F10511CD}.Release|Any CPU.Build.0 = Release|Any CPU
		{E3B212B1-14E3-45A0-A10F-04C5F10511CD}.Release|ARM.ActiveCfg = Release|Any CPU
		{E3B212B1-14E3-45A0-A10F-04C5F10511CD}.Release|ARM.Build.0 = Release|Any CPU
		{E3B212B1-14E3-45A0-A10F-04C5F10511CD}.Release|iPhone.ActiveCfg = Release|Any CPU
		{E3B212B1-14E3-45A0-A10F-04C5F10511CD}.Release|iPhone.Build.0 = Release|Any CPU
		{E3B212B1-14E3-45A0-A10F-04C5F10511CD}.Release|iPhoneSimulator.ActiveCfg = Release|Any CPU
		{E3B212B1-14E3-45A0-A10F-04C5F10511CD}.Release|iPhoneSimulator.Build.0 = Release|Any CPU
		{E3B212B1-14E3-45A0-A10F-04C5F10511CD}.Release|x64.ActiveCfg = Release|Any CPU
		{E3B212B1-14E3-45A0-A10F-04C5F10511CD}.Release|x64.Build.0 = Release|Any CPU
		{E3B212B1-14E3-45A0-A10F-04C5F10511CD}.Release|x86.ActiveCfg = Release|Any CPU
		{E3B212B1-14E3-45A0-A10F-04C5F10511CD}.Release|x86.Build.0 = Release|Any CPU
		{1B8C3625-3A47-4DBC-918E-26FDBC22B400}.Ad-Hoc|Any CPU.ActiveCfg = Debug|Any CPU
		{1B8C3625-3A47-4DBC-918E-26FDBC22B400}.Ad-Hoc|Any CPU.Build.0 = Debug|Any CPU
		{1B8C3625-3A47-4DBC-918E-26FDBC22B400}.Ad-Hoc|ARM.ActiveCfg = Debug|Any CPU
		{1B8C3625-3A47-4DBC-918E-26FDBC22B400}.Ad-Hoc|ARM.Build.0 = Debug|Any CPU
		{1B8C3625-3A47-4DBC-918E-26FDBC22B400}.Ad-Hoc|iPhone.ActiveCfg = Debug|Any CPU
		{1B8C3625-3A47-4DBC-918E-26FDBC22B400}.Ad-Hoc|iPhone.Build.0 = Debug|Any CPU
		{1B8C3625-3A47-4DBC-918E-26FDBC22B400}.Ad-Hoc|iPhoneSimulator.ActiveCfg = Debug|Any CPU
		{1B8C3625-3A47-4DBC-918E-26FDBC22B400}.Ad-Hoc|iPhoneSimulator.Build.0 = Debug|Any CPU
		{1B8C3625-3A47-4DBC-918E-26FDBC22B400}.Ad-Hoc|x64.ActiveCfg = Debug|Any CPU
		{1B8C3625-3A47-4DBC-918E-26FDBC22B400}.Ad-Hoc|x64.Build.0 = Debug|Any CPU
		{1B8C3625-3A47-4DBC-918E-26FDBC22B400}.Ad-Hoc|x86.ActiveCfg = Debug|Any CPU
		{1B8C3625-3A47-4DBC-918E-26FDBC22B400}.Ad-Hoc|x86.Build.0 = Debug|Any CPU
		{1B8C3625-3A47-4DBC-918E-26FDBC22B400}.AppStore|Any CPU.ActiveCfg = Debug|Any CPU
		{1B8C3625-3A47-4DBC-918E-26FDBC22B400}.AppStore|Any CPU.Build.0 = Debug|Any CPU
		{1B8C3625-3A47-4DBC-918E-26FDBC22B400}.AppStore|ARM.ActiveCfg = Debug|Any CPU
		{1B8C3625-3A47-4DBC-918E-26FDBC22B400}.AppStore|ARM.Build.0 = Debug|Any CPU
		{1B8C3625-3A47-4DBC-918E-26FDBC22B400}.AppStore|iPhone.ActiveCfg = Debug|Any CPU
		{1B8C3625-3A47-4DBC-918E-26FDBC22B400}.AppStore|iPhone.Build.0 = Debug|Any CPU
		{1B8C3625-3A47-4DBC-918E-26FDBC22B400}.AppStore|iPhoneSimulator.ActiveCfg = Debug|Any CPU
		{1B8C3625-3A47-4DBC-918E-26FDBC22B400}.AppStore|iPhoneSimulator.Build.0 = Debug|Any CPU
		{1B8C3625-3A47-4DBC-918E-26FDBC22B400}.AppStore|x64.ActiveCfg = Debug|Any CPU
		{1B8C3625-3A47-4DBC-918E-26FDBC22B400}.AppStore|x64.Build.0 = Debug|Any CPU
		{1B8C3625-3A47-4DBC-918E-26FDBC22B400}.AppStore|x86.ActiveCfg = Debug|Any CPU
		{1B8C3625-3A47-4DBC-918E-26FDBC22B400}.AppStore|x86.Build.0 = Debug|Any CPU
		{1B8C3625-3A47-4DBC-918E-26FDBC22B400}.Debug|Any CPU.ActiveCfg = Debug|Any CPU
		{1B8C3625-3A47-4DBC-918E-26FDBC22B400}.Debug|Any CPU.Build.0 = Debug|Any CPU
		{1B8C3625-3A47-4DBC-918E-26FDBC22B400}.Debug|ARM.ActiveCfg = Debug|Any CPU
		{1B8C3625-3A47-4DBC-918E-26FDBC22B400}.Debug|ARM.Build.0 = Debug|Any CPU
		{1B8C3625-3A47-4DBC-918E-26FDBC22B400}.Debug|iPhone.ActiveCfg = Debug|Any CPU
		{1B8C3625-3A47-4DBC-918E-26FDBC22B400}.Debug|iPhone.Build.0 = Debug|Any CPU
		{1B8C3625-3A47-4DBC-918E-26FDBC22B400}.Debug|iPhoneSimulator.ActiveCfg = Debug|Any CPU
		{1B8C3625-3A47-4DBC-918E-26FDBC22B400}.Debug|iPhoneSimulator.Build.0 = Debug|Any CPU
		{1B8C3625-3A47-4DBC-918E-26FDBC22B400}.Debug|x64.ActiveCfg = Debug|Any CPU
		{1B8C3625-3A47-4DBC-918E-26FDBC22B400}.Debug|x64.Build.0 = Debug|Any CPU
		{1B8C3625-3A47-4DBC-918E-26FDBC22B400}.Debug|x86.ActiveCfg = Debug|Any CPU
		{1B8C3625-3A47-4DBC-918E-26FDBC22B400}.Debug|x86.Build.0 = Debug|Any CPU
		{1B8C3625-3A47-4DBC-918E-26FDBC22B400}.Release|Any CPU.ActiveCfg = Release|Any CPU
		{1B8C3625-3A47-4DBC-918E-26FDBC22B400}.Release|Any CPU.Build.0 = Release|Any CPU
		{1B8C3625-3A47-4DBC-918E-26FDBC22B400}.Release|ARM.ActiveCfg = Release|Any CPU
		{1B8C3625-3A47-4DBC-918E-26FDBC22B400}.Release|ARM.Build.0 = Release|Any CPU
		{1B8C3625-3A47-4DBC-918E-26FDBC22B400}.Release|iPhone.ActiveCfg = Release|Any CPU
		{1B8C3625-3A47-4DBC-918E-26FDBC22B400}.Release|iPhone.Build.0 = Release|Any CPU
		{1B8C3625-3A47-4DBC-918E-26FDBC22B400}.Release|iPhoneSimulator.ActiveCfg = Release|Any CPU
		{1B8C3625-3A47-4DBC-918E-26FDBC22B400}.Release|iPhoneSimulator.Build.0 = Release|Any CPU
		{1B8C3625-3A47-4DBC-918E-26FDBC22B400}.Release|x64.ActiveCfg = Release|Any CPU
		{1B8C3625-3A47-4DBC-918E-26FDBC22B400}.Release|x64.Build.0 = Release|Any CPU
		{1B8C3625-3A47-4DBC-918E-26FDBC22B400}.Release|x86.ActiveCfg = Release|Any CPU
		{1B8C3625-3A47-4DBC-918E-26FDBC22B400}.Release|x86.Build.0 = Release|Any CPU
		{A9B74F7E-1E1D-4A2B-8A95-DAE38A072B92}.Ad-Hoc|Any CPU.ActiveCfg = Debug|Any CPU
		{A9B74F7E-1E1D-4A2B-8A95-DAE38A072B92}.Ad-Hoc|Any CPU.Build.0 = Debug|Any CPU
		{A9B74F7E-1E1D-4A2B-8A95-DAE38A072B92}.Ad-Hoc|ARM.ActiveCfg = Debug|Any CPU
		{A9B74F7E-1E1D-4A2B-8A95-DAE38A072B92}.Ad-Hoc|ARM.Build.0 = Debug|Any CPU
		{A9B74F7E-1E1D-4A2B-8A95-DAE38A072B92}.Ad-Hoc|iPhone.ActiveCfg = Debug|Any CPU
		{A9B74F7E-1E1D-4A2B-8A95-DAE38A072B92}.Ad-Hoc|iPhone.Build.0 = Debug|Any CPU
		{A9B74F7E-1E1D-4A2B-8A95-DAE38A072B92}.Ad-Hoc|iPhoneSimulator.ActiveCfg = Debug|Any CPU
		{A9B74F7E-1E1D-4A2B-8A95-DAE38A072B92}.Ad-Hoc|iPhoneSimulator.Build.0 = Debug|Any CPU
		{A9B74F7E-1E1D-4A2B-8A95-DAE38A072B92}.Ad-Hoc|x64.ActiveCfg = Debug|Any CPU
		{A9B74F7E-1E1D-4A2B-8A95-DAE38A072B92}.Ad-Hoc|x64.Build.0 = Debug|Any CPU
		{A9B74F7E-1E1D-4A2B-8A95-DAE38A072B92}.Ad-Hoc|x86.ActiveCfg = Debug|Any CPU
		{A9B74F7E-1E1D-4A2B-8A95-DAE38A072B92}.Ad-Hoc|x86.Build.0 = Debug|Any CPU
		{A9B74F7E-1E1D-4A2B-8A95-DAE38A072B92}.AppStore|Any CPU.ActiveCfg = Debug|Any CPU
		{A9B74F7E-1E1D-4A2B-8A95-DAE38A072B92}.AppStore|Any CPU.Build.0 = Debug|Any CPU
		{A9B74F7E-1E1D-4A2B-8A95-DAE38A072B92}.AppStore|ARM.ActiveCfg = Debug|Any CPU
		{A9B74F7E-1E1D-4A2B-8A95-DAE38A072B92}.AppStore|ARM.Build.0 = Debug|Any CPU
		{A9B74F7E-1E1D-4A2B-8A95-DAE38A072B92}.AppStore|iPhone.ActiveCfg = Debug|Any CPU
		{A9B74F7E-1E1D-4A2B-8A95-DAE38A072B92}.AppStore|iPhone.Build.0 = Debug|Any CPU
		{A9B74F7E-1E1D-4A2B-8A95-DAE38A072B92}.AppStore|iPhoneSimulator.ActiveCfg = Debug|Any CPU
		{A9B74F7E-1E1D-4A2B-8A95-DAE38A072B92}.AppStore|iPhoneSimulator.Build.0 = Debug|Any CPU
		{A9B74F7E-1E1D-4A2B-8A95-DAE38A072B92}.AppStore|x64.ActiveCfg = Debug|Any CPU
		{A9B74F7E-1E1D-4A2B-8A95-DAE38A072B92}.AppStore|x64.Build.0 = Debug|Any CPU
		{A9B74F7E-1E1D-4A2B-8A95-DAE38A072B92}.AppStore|x86.ActiveCfg = Debug|Any CPU
		{A9B74F7E-1E1D-4A2B-8A95-DAE38A072B92}.AppStore|x86.Build.0 = Debug|Any CPU
		{A9B74F7E-1E1D-4A2B-8A95-DAE38A072B92}.Debug|Any CPU.ActiveCfg = Debug|Any CPU
		{A9B74F7E-1E1D-4A2B-8A95-DAE38A072B92}.Debug|Any CPU.Build.0 = Debug|Any CPU
		{A9B74F7E-1E1D-4A2B-8A95-DAE38A072B92}.Debug|ARM.ActiveCfg = Debug|Any CPU
		{A9B74F7E-1E1D-4A2B-8A95-DAE38A072B92}.Debug|ARM.Build.0 = Debug|Any CPU
		{A9B74F7E-1E1D-4A2B-8A95-DAE38A072B92}.Debug|iPhone.ActiveCfg = Debug|Any CPU
		{A9B74F7E-1E1D-4A2B-8A95-DAE38A072B92}.Debug|iPhone.Build.0 = Debug|Any CPU
		{A9B74F7E-1E1D-4A2B-8A95-DAE38A072B92}.Debug|iPhoneSimulator.ActiveCfg = Debug|Any CPU
		{A9B74F7E-1E1D-4A2B-8A95-DAE38A072B92}.Debug|iPhoneSimulator.Build.0 = Debug|Any CPU
		{A9B74F7E-1E1D-4A2B-8A95-DAE38A072B92}.Debug|x64.ActiveCfg = Debug|Any CPU
		{A9B74F7E-1E1D-4A2B-8A95-DAE38A072B92}.Debug|x64.Build.0 = Debug|Any CPU
		{A9B74F7E-1E1D-4A2B-8A95-DAE38A072B92}.Debug|x86.ActiveCfg = Debug|Any CPU
		{A9B74F7E-1E1D-4A2B-8A95-DAE38A072B92}.Debug|x86.Build.0 = Debug|Any CPU
		{A9B74F7E-1E1D-4A2B-8A95-DAE38A072B92}.Release|Any CPU.ActiveCfg = Release|Any CPU
		{A9B74F7E-1E1D-4A2B-8A95-DAE38A072B92}.Release|Any CPU.Build.0 = Release|Any CPU
		{A9B74F7E-1E1D-4A2B-8A95-DAE38A072B92}.Release|ARM.ActiveCfg = Release|Any CPU
		{A9B74F7E-1E1D-4A2B-8A95-DAE38A072B92}.Release|ARM.Build.0 = Release|Any CPU
		{A9B74F7E-1E1D-4A2B-8A95-DAE38A072B92}.Release|iPhone.ActiveCfg = Release|Any CPU
		{A9B74F7E-1E1D-4A2B-8A95-DAE38A072B92}.Release|iPhone.Build.0 = Release|Any CPU
		{A9B74F7E-1E1D-4A2B-8A95-DAE38A072B92}.Release|iPhoneSimulator.ActiveCfg = Release|Any CPU
		{A9B74F7E-1E1D-4A2B-8A95-DAE38A072B92}.Release|iPhoneSimulator.Build.0 = Release|Any CPU
		{A9B74F7E-1E1D-4A2B-8A95-DAE38A072B92}.Release|x64.ActiveCfg = Release|Any CPU
		{A9B74F7E-1E1D-4A2B-8A95-DAE38A072B92}.Release|x64.Build.0 = Release|Any CPU
		{A9B74F7E-1E1D-4A2B-8A95-DAE38A072B92}.Release|x86.ActiveCfg = Release|Any CPU
		{A9B74F7E-1E1D-4A2B-8A95-DAE38A072B92}.Release|x86.Build.0 = Release|Any CPU
		{838A8C78-4FE0-4BC9-BF8D-8D9B8EA8A2BE}.Ad-Hoc|Any CPU.ActiveCfg = Debug|Any CPU
		{838A8C78-4FE0-4BC9-BF8D-8D9B8EA8A2BE}.Ad-Hoc|Any CPU.Build.0 = Debug|Any CPU
		{838A8C78-4FE0-4BC9-BF8D-8D9B8EA8A2BE}.Ad-Hoc|ARM.ActiveCfg = Debug|Any CPU
		{838A8C78-4FE0-4BC9-BF8D-8D9B8EA8A2BE}.Ad-Hoc|ARM.Build.0 = Debug|Any CPU
		{838A8C78-4FE0-4BC9-BF8D-8D9B8EA8A2BE}.Ad-Hoc|iPhone.ActiveCfg = Debug|Any CPU
		{838A8C78-4FE0-4BC9-BF8D-8D9B8EA8A2BE}.Ad-Hoc|iPhone.Build.0 = Debug|Any CPU
		{838A8C78-4FE0-4BC9-BF8D-8D9B8EA8A2BE}.Ad-Hoc|iPhoneSimulator.ActiveCfg = Debug|Any CPU
		{838A8C78-4FE0-4BC9-BF8D-8D9B8EA8A2BE}.Ad-Hoc|iPhoneSimulator.Build.0 = Debug|Any CPU
		{838A8C78-4FE0-4BC9-BF8D-8D9B8EA8A2BE}.Ad-Hoc|x64.ActiveCfg = Debug|Any CPU
		{838A8C78-4FE0-4BC9-BF8D-8D9B8EA8A2BE}.Ad-Hoc|x64.Build.0 = Debug|Any CPU
		{838A8C78-4FE0-4BC9-BF8D-8D9B8EA8A2BE}.Ad-Hoc|x86.ActiveCfg = Debug|Any CPU
		{838A8C78-4FE0-4BC9-BF8D-8D9B8EA8A2BE}.Ad-Hoc|x86.Build.0 = Debug|Any CPU
		{838A8C78-4FE0-4BC9-BF8D-8D9B8EA8A2BE}.AppStore|Any CPU.ActiveCfg = Debug|Any CPU
		{838A8C78-4FE0-4BC9-BF8D-8D9B8EA8A2BE}.AppStore|Any CPU.Build.0 = Debug|Any CPU
		{838A8C78-4FE0-4BC9-BF8D-8D9B8EA8A2BE}.AppStore|ARM.ActiveCfg = Debug|Any CPU
		{838A8C78-4FE0-4BC9-BF8D-8D9B8EA8A2BE}.AppStore|ARM.Build.0 = Debug|Any CPU
		{838A8C78-4FE0-4BC9-BF8D-8D9B8EA8A2BE}.AppStore|iPhone.ActiveCfg = Debug|Any CPU
		{838A8C78-4FE0-4BC9-BF8D-8D9B8EA8A2BE}.AppStore|iPhone.Build.0 = Debug|Any CPU
		{838A8C78-4FE0-4BC9-BF8D-8D9B8EA8A2BE}.AppStore|iPhoneSimulator.ActiveCfg = Debug|Any CPU
		{838A8C78-4FE0-4BC9-BF8D-8D9B8EA8A2BE}.AppStore|iPhoneSimulator.Build.0 = Debug|Any CPU
		{838A8C78-4FE0-4BC9-BF8D-8D9B8EA8A2BE}.AppStore|x64.ActiveCfg = Debug|Any CPU
		{838A8C78-4FE0-4BC9-BF8D-8D9B8EA8A2BE}.AppStore|x64.Build.0 = Debug|Any CPU
		{838A8C78-4FE0-4BC9-BF8D-8D9B8EA8A2BE}.AppStore|x86.ActiveCfg = Debug|Any CPU
		{838A8C78-4FE0-4BC9-BF8D-8D9B8EA8A2BE}.AppStore|x86.Build.0 = Debug|Any CPU
		{838A8C78-4FE0-4BC9-BF8D-8D9B8EA8A2BE}.Debug|Any CPU.ActiveCfg = Debug|Any CPU
		{838A8C78-4FE0-4BC9-BF8D-8D9B8EA8A2BE}.Debug|Any CPU.Build.0 = Debug|Any CPU
		{838A8C78-4FE0-4BC9-BF8D-8D9B8EA8A2BE}.Debug|ARM.ActiveCfg = Debug|Any CPU
		{838A8C78-4FE0-4BC9-BF8D-8D9B8EA8A2BE}.Debug|ARM.Build.0 = Debug|Any CPU
		{838A8C78-4FE0-4BC9-BF8D-8D9B8EA8A2BE}.Debug|iPhone.ActiveCfg = Debug|Any CPU
		{838A8C78-4FE0-4BC9-BF8D-8D9B8EA8A2BE}.Debug|iPhone.Build.0 = Debug|Any CPU
		{838A8C78-4FE0-4BC9-BF8D-8D9B8EA8A2BE}.Debug|iPhoneSimulator.ActiveCfg = Debug|Any CPU
		{838A8C78-4FE0-4BC9-BF8D-8D9B8EA8A2BE}.Debug|iPhoneSimulator.Build.0 = Debug|Any CPU
		{838A8C78-4FE0-4BC9-BF8D-8D9B8EA8A2BE}.Debug|x64.ActiveCfg = Debug|Any CPU
		{838A8C78-4FE0-4BC9-BF8D-8D9B8EA8A2BE}.Debug|x64.Build.0 = Debug|Any CPU
		{838A8C78-4FE0-4BC9-BF8D-8D9B8EA8A2BE}.Debug|x86.ActiveCfg = Debug|Any CPU
		{838A8C78-4FE0-4BC9-BF8D-8D9B8EA8A2BE}.Debug|x86.Build.0 = Debug|Any CPU
		{838A8C78-4FE0-4BC9-BF8D-8D9B8EA8A2BE}.Release|Any CPU.ActiveCfg = Release|Any CPU
		{838A8C78-4FE0-4BC9-BF8D-8D9B8EA8A2BE}.Release|Any CPU.Build.0 = Release|Any CPU
		{838A8C78-4FE0-4BC9-BF8D-8D9B8EA8A2BE}.Release|ARM.ActiveCfg = Release|Any CPU
		{838A8C78-4FE0-4BC9-BF8D-8D9B8EA8A2BE}.Release|ARM.Build.0 = Release|Any CPU
		{838A8C78-4FE0-4BC9-BF8D-8D9B8EA8A2BE}.Release|iPhone.ActiveCfg = Release|Any CPU
		{838A8C78-4FE0-4BC9-BF8D-8D9B8EA8A2BE}.Release|iPhone.Build.0 = Release|Any CPU
		{838A8C78-4FE0-4BC9-BF8D-8D9B8EA8A2BE}.Release|iPhoneSimulator.ActiveCfg = Release|Any CPU
		{838A8C78-4FE0-4BC9-BF8D-8D9B8EA8A2BE}.Release|iPhoneSimulator.Build.0 = Release|Any CPU
		{838A8C78-4FE0-4BC9-BF8D-8D9B8EA8A2BE}.Release|x64.ActiveCfg = Release|Any CPU
		{838A8C78-4FE0-4BC9-BF8D-8D9B8EA8A2BE}.Release|x64.Build.0 = Release|Any CPU
		{838A8C78-4FE0-4BC9-BF8D-8D9B8EA8A2BE}.Release|x86.ActiveCfg = Release|Any CPU
		{838A8C78-4FE0-4BC9-BF8D-8D9B8EA8A2BE}.Release|x86.Build.0 = Release|Any CPU
		{54DA0B45-525B-4CC5-A8EC-332F41DA4411}.Ad-Hoc|Any CPU.ActiveCfg = Debug|Any CPU
		{54DA0B45-525B-4CC5-A8EC-332F41DA4411}.Ad-Hoc|Any CPU.Build.0 = Debug|Any CPU
		{54DA0B45-525B-4CC5-A8EC-332F41DA4411}.Ad-Hoc|ARM.ActiveCfg = Debug|Any CPU
		{54DA0B45-525B-4CC5-A8EC-332F41DA4411}.Ad-Hoc|ARM.Build.0 = Debug|Any CPU
		{54DA0B45-525B-4CC5-A8EC-332F41DA4411}.Ad-Hoc|iPhone.ActiveCfg = Debug|Any CPU
		{54DA0B45-525B-4CC5-A8EC-332F41DA4411}.Ad-Hoc|iPhone.Build.0 = Debug|Any CPU
		{54DA0B45-525B-4CC5-A8EC-332F41DA4411}.Ad-Hoc|iPhoneSimulator.ActiveCfg = Debug|Any CPU
		{54DA0B45-525B-4CC5-A8EC-332F41DA4411}.Ad-Hoc|iPhoneSimulator.Build.0 = Debug|Any CPU
		{54DA0B45-525B-4CC5-A8EC-332F41DA4411}.Ad-Hoc|x64.ActiveCfg = Debug|Any CPU
		{54DA0B45-525B-4CC5-A8EC-332F41DA4411}.Ad-Hoc|x64.Build.0 = Debug|Any CPU
		{54DA0B45-525B-4CC5-A8EC-332F41DA4411}.Ad-Hoc|x86.ActiveCfg = Debug|Any CPU
		{54DA0B45-525B-4CC5-A8EC-332F41DA4411}.Ad-Hoc|x86.Build.0 = Debug|Any CPU
		{54DA0B45-525B-4CC5-A8EC-332F41DA4411}.AppStore|Any CPU.ActiveCfg = Debug|Any CPU
		{54DA0B45-525B-4CC5-A8EC-332F41DA4411}.AppStore|Any CPU.Build.0 = Debug|Any CPU
		{54DA0B45-525B-4CC5-A8EC-332F41DA4411}.AppStore|ARM.ActiveCfg = Debug|Any CPU
		{54DA0B45-525B-4CC5-A8EC-332F41DA4411}.AppStore|ARM.Build.0 = Debug|Any CPU
		{54DA0B45-525B-4CC5-A8EC-332F41DA4411}.AppStore|iPhone.ActiveCfg = Debug|Any CPU
		{54DA0B45-525B-4CC5-A8EC-332F41DA4411}.AppStore|iPhone.Build.0 = Debug|Any CPU
		{54DA0B45-525B-4CC5-A8EC-332F41DA4411}.AppStore|iPhoneSimulator.ActiveCfg = Debug|Any CPU
		{54DA0B45-525B-4CC5-A8EC-332F41DA4411}.AppStore|iPhoneSimulator.Build.0 = Debug|Any CPU
		{54DA0B45-525B-4CC5-A8EC-332F41DA4411}.AppStore|x64.ActiveCfg = Debug|Any CPU
		{54DA0B45-525B-4CC5-A8EC-332F41DA4411}.AppStore|x64.Build.0 = Debug|Any CPU
		{54DA0B45-525B-4CC5-A8EC-332F41DA4411}.AppStore|x86.ActiveCfg = Debug|Any CPU
		{54DA0B45-525B-4CC5-A8EC-332F41DA4411}.AppStore|x86.Build.0 = Debug|Any CPU
		{54DA0B45-525B-4CC5-A8EC-332F41DA4411}.Debug|Any CPU.ActiveCfg = Debug|Any CPU
		{54DA0B45-525B-4CC5-A8EC-332F41DA4411}.Debug|Any CPU.Build.0 = Debug|Any CPU
		{54DA0B45-525B-4CC5-A8EC-332F41DA4411}.Debug|ARM.ActiveCfg = Debug|Any CPU
		{54DA0B45-525B-4CC5-A8EC-332F41DA4411}.Debug|ARM.Build.0 = Debug|Any CPU
		{54DA0B45-525B-4CC5-A8EC-332F41DA4411}.Debug|iPhone.ActiveCfg = Debug|Any CPU
		{54DA0B45-525B-4CC5-A8EC-332F41DA4411}.Debug|iPhone.Build.0 = Debug|Any CPU
		{54DA0B45-525B-4CC5-A8EC-332F41DA4411}.Debug|iPhoneSimulator.ActiveCfg = Debug|Any CPU
		{54DA0B45-525B-4CC5-A8EC-332F41DA4411}.Debug|iPhoneSimulator.Build.0 = Debug|Any CPU
		{54DA0B45-525B-4CC5-A8EC-332F41DA4411}.Debug|x64.ActiveCfg = Debug|Any CPU
		{54DA0B45-525B-4CC5-A8EC-332F41DA4411}.Debug|x64.Build.0 = Debug|Any CPU
		{54DA0B45-525B-4CC5-A8EC-332F41DA4411}.Debug|x86.ActiveCfg = Debug|Any CPU
		{54DA0B45-525B-4CC5-A8EC-332F41DA4411}.Debug|x86.Build.0 = Debug|Any CPU
		{54DA0B45-525B-4CC5-A8EC-332F41DA4411}.Release|Any CPU.ActiveCfg = Release|Any CPU
		{54DA0B45-525B-4CC5-A8EC-332F41DA4411}.Release|Any CPU.Build.0 = Release|Any CPU
		{54DA0B45-525B-4CC5-A8EC-332F41DA4411}.Release|ARM.ActiveCfg = Release|Any CPU
		{54DA0B45-525B-4CC5-A8EC-332F41DA4411}.Release|ARM.Build.0 = Release|Any CPU
		{54DA0B45-525B-4CC5-A8EC-332F41DA4411}.Release|iPhone.ActiveCfg = Release|Any CPU
		{54DA0B45-525B-4CC5-A8EC-332F41DA4411}.Release|iPhone.Build.0 = Release|Any CPU
		{54DA0B45-525B-4CC5-A8EC-332F41DA4411}.Release|iPhoneSimulator.ActiveCfg = Release|Any CPU
		{54DA0B45-525B-4CC5-A8EC-332F41DA4411}.Release|iPhoneSimulator.Build.0 = Release|Any CPU
		{54DA0B45-525B-4CC5-A8EC-332F41DA4411}.Release|x64.ActiveCfg = Release|Any CPU
		{54DA0B45-525B-4CC5-A8EC-332F41DA4411}.Release|x64.Build.0 = Release|Any CPU
		{54DA0B45-525B-4CC5-A8EC-332F41DA4411}.Release|x86.ActiveCfg = Release|Any CPU
		{54DA0B45-525B-4CC5-A8EC-332F41DA4411}.Release|x86.Build.0 = Release|Any CPU
		{1958484E-EEFB-4AFB-8C61-1ADF7B8C1DA6}.Ad-Hoc|Any CPU.ActiveCfg = Debug|Any CPU
		{1958484E-EEFB-4AFB-8C61-1ADF7B8C1DA6}.Ad-Hoc|Any CPU.Build.0 = Debug|Any CPU
		{1958484E-EEFB-4AFB-8C61-1ADF7B8C1DA6}.Ad-Hoc|ARM.ActiveCfg = Debug|Any CPU
		{1958484E-EEFB-4AFB-8C61-1ADF7B8C1DA6}.Ad-Hoc|ARM.Build.0 = Debug|Any CPU
		{1958484E-EEFB-4AFB-8C61-1ADF7B8C1DA6}.Ad-Hoc|iPhone.ActiveCfg = Debug|Any CPU
		{1958484E-EEFB-4AFB-8C61-1ADF7B8C1DA6}.Ad-Hoc|iPhone.Build.0 = Debug|Any CPU
		{1958484E-EEFB-4AFB-8C61-1ADF7B8C1DA6}.Ad-Hoc|iPhoneSimulator.ActiveCfg = Debug|Any CPU
		{1958484E-EEFB-4AFB-8C61-1ADF7B8C1DA6}.Ad-Hoc|iPhoneSimulator.Build.0 = Debug|Any CPU
		{1958484E-EEFB-4AFB-8C61-1ADF7B8C1DA6}.Ad-Hoc|x64.ActiveCfg = Debug|Any CPU
		{1958484E-EEFB-4AFB-8C61-1ADF7B8C1DA6}.Ad-Hoc|x64.Build.0 = Debug|Any CPU
		{1958484E-EEFB-4AFB-8C61-1ADF7B8C1DA6}.Ad-Hoc|x86.ActiveCfg = Debug|Any CPU
		{1958484E-EEFB-4AFB-8C61-1ADF7B8C1DA6}.Ad-Hoc|x86.Build.0 = Debug|Any CPU
		{1958484E-EEFB-4AFB-8C61-1ADF7B8C1DA6}.AppStore|Any CPU.ActiveCfg = Debug|Any CPU
		{1958484E-EEFB-4AFB-8C61-1ADF7B8C1DA6}.AppStore|Any CPU.Build.0 = Debug|Any CPU
		{1958484E-EEFB-4AFB-8C61-1ADF7B8C1DA6}.AppStore|ARM.ActiveCfg = Debug|Any CPU
		{1958484E-EEFB-4AFB-8C61-1ADF7B8C1DA6}.AppStore|ARM.Build.0 = Debug|Any CPU
		{1958484E-EEFB-4AFB-8C61-1ADF7B8C1DA6}.AppStore|iPhone.ActiveCfg = Debug|Any CPU
		{1958484E-EEFB-4AFB-8C61-1ADF7B8C1DA6}.AppStore|iPhone.Build.0 = Debug|Any CPU
		{1958484E-EEFB-4AFB-8C61-1ADF7B8C1DA6}.AppStore|iPhoneSimulator.ActiveCfg = Debug|Any CPU
		{1958484E-EEFB-4AFB-8C61-1ADF7B8C1DA6}.AppStore|iPhoneSimulator.Build.0 = Debug|Any CPU
		{1958484E-EEFB-4AFB-8C61-1ADF7B8C1DA6}.AppStore|x64.ActiveCfg = Debug|Any CPU
		{1958484E-EEFB-4AFB-8C61-1ADF7B8C1DA6}.AppStore|x64.Build.0 = Debug|Any CPU
		{1958484E-EEFB-4AFB-8C61-1ADF7B8C1DA6}.AppStore|x86.ActiveCfg = Debug|Any CPU
		{1958484E-EEFB-4AFB-8C61-1ADF7B8C1DA6}.AppStore|x86.Build.0 = Debug|Any CPU
		{1958484E-EEFB-4AFB-8C61-1ADF7B8C1DA6}.Debug|Any CPU.ActiveCfg = Debug|Any CPU
		{1958484E-EEFB-4AFB-8C61-1ADF7B8C1DA6}.Debug|Any CPU.Build.0 = Debug|Any CPU
		{1958484E-EEFB-4AFB-8C61-1ADF7B8C1DA6}.Debug|ARM.ActiveCfg = Debug|Any CPU
		{1958484E-EEFB-4AFB-8C61-1ADF7B8C1DA6}.Debug|ARM.Build.0 = Debug|Any CPU
		{1958484E-EEFB-4AFB-8C61-1ADF7B8C1DA6}.Debug|iPhone.ActiveCfg = Debug|Any CPU
		{1958484E-EEFB-4AFB-8C61-1ADF7B8C1DA6}.Debug|iPhone.Build.0 = Debug|Any CPU
		{1958484E-EEFB-4AFB-8C61-1ADF7B8C1DA6}.Debug|iPhoneSimulator.ActiveCfg = Debug|Any CPU
		{1958484E-EEFB-4AFB-8C61-1ADF7B8C1DA6}.Debug|iPhoneSimulator.Build.0 = Debug|Any CPU
		{1958484E-EEFB-4AFB-8C61-1ADF7B8C1DA6}.Debug|x64.ActiveCfg = Debug|Any CPU
		{1958484E-EEFB-4AFB-8C61-1ADF7B8C1DA6}.Debug|x64.Build.0 = Debug|Any CPU
		{1958484E-EEFB-4AFB-8C61-1ADF7B8C1DA6}.Debug|x86.ActiveCfg = Debug|Any CPU
		{1958484E-EEFB-4AFB-8C61-1ADF7B8C1DA6}.Debug|x86.Build.0 = Debug|Any CPU
		{1958484E-EEFB-4AFB-8C61-1ADF7B8C1DA6}.Release|Any CPU.ActiveCfg = Release|Any CPU
		{1958484E-EEFB-4AFB-8C61-1ADF7B8C1DA6}.Release|Any CPU.Build.0 = Release|Any CPU
		{1958484E-EEFB-4AFB-8C61-1ADF7B8C1DA6}.Release|ARM.ActiveCfg = Release|Any CPU
		{1958484E-EEFB-4AFB-8C61-1ADF7B8C1DA6}.Release|ARM.Build.0 = Release|Any CPU
		{1958484E-EEFB-4AFB-8C61-1ADF7B8C1DA6}.Release|iPhone.ActiveCfg = Release|Any CPU
		{1958484E-EEFB-4AFB-8C61-1ADF7B8C1DA6}.Release|iPhone.Build.0 = Release|Any CPU
		{1958484E-EEFB-4AFB-8C61-1ADF7B8C1DA6}.Release|iPhoneSimulator.ActiveCfg = Release|Any CPU
		{1958484E-EEFB-4AFB-8C61-1ADF7B8C1DA6}.Release|iPhoneSimulator.Build.0 = Release|Any CPU
		{1958484E-EEFB-4AFB-8C61-1ADF7B8C1DA6}.Release|x64.ActiveCfg = Release|Any CPU
		{1958484E-EEFB-4AFB-8C61-1ADF7B8C1DA6}.Release|x64.Build.0 = Release|Any CPU
		{1958484E-EEFB-4AFB-8C61-1ADF7B8C1DA6}.Release|x86.ActiveCfg = Release|Any CPU
		{1958484E-EEFB-4AFB-8C61-1ADF7B8C1DA6}.Release|x86.Build.0 = Release|Any CPU
		{76D287FE-5A3C-42CC-BCC4-25DA80794DD8}.Ad-Hoc|Any CPU.ActiveCfg = Debug|Any CPU
		{76D287FE-5A3C-42CC-BCC4-25DA80794DD8}.Ad-Hoc|Any CPU.Build.0 = Debug|Any CPU
		{76D287FE-5A3C-42CC-BCC4-25DA80794DD8}.Ad-Hoc|ARM.ActiveCfg = Debug|Any CPU
		{76D287FE-5A3C-42CC-BCC4-25DA80794DD8}.Ad-Hoc|ARM.Build.0 = Debug|Any CPU
		{76D287FE-5A3C-42CC-BCC4-25DA80794DD8}.Ad-Hoc|iPhone.ActiveCfg = Debug|Any CPU
		{76D287FE-5A3C-42CC-BCC4-25DA80794DD8}.Ad-Hoc|iPhone.Build.0 = Debug|Any CPU
		{76D287FE-5A3C-42CC-BCC4-25DA80794DD8}.Ad-Hoc|iPhoneSimulator.ActiveCfg = Debug|Any CPU
		{76D287FE-5A3C-42CC-BCC4-25DA80794DD8}.Ad-Hoc|iPhoneSimulator.Build.0 = Debug|Any CPU
		{76D287FE-5A3C-42CC-BCC4-25DA80794DD8}.Ad-Hoc|x64.ActiveCfg = Debug|Any CPU
		{76D287FE-5A3C-42CC-BCC4-25DA80794DD8}.Ad-Hoc|x64.Build.0 = Debug|Any CPU
		{76D287FE-5A3C-42CC-BCC4-25DA80794DD8}.Ad-Hoc|x86.ActiveCfg = Debug|Any CPU
		{76D287FE-5A3C-42CC-BCC4-25DA80794DD8}.Ad-Hoc|x86.Build.0 = Debug|Any CPU
		{76D287FE-5A3C-42CC-BCC4-25DA80794DD8}.AppStore|Any CPU.ActiveCfg = Debug|Any CPU
		{76D287FE-5A3C-42CC-BCC4-25DA80794DD8}.AppStore|Any CPU.Build.0 = Debug|Any CPU
		{76D287FE-5A3C-42CC-BCC4-25DA80794DD8}.AppStore|ARM.ActiveCfg = Debug|Any CPU
		{76D287FE-5A3C-42CC-BCC4-25DA80794DD8}.AppStore|ARM.Build.0 = Debug|Any CPU
		{76D287FE-5A3C-42CC-BCC4-25DA80794DD8}.AppStore|iPhone.ActiveCfg = Debug|Any CPU
		{76D287FE-5A3C-42CC-BCC4-25DA80794DD8}.AppStore|iPhone.Build.0 = Debug|Any CPU
		{76D287FE-5A3C-42CC-BCC4-25DA80794DD8}.AppStore|iPhoneSimulator.ActiveCfg = Debug|Any CPU
		{76D287FE-5A3C-42CC-BCC4-25DA80794DD8}.AppStore|iPhoneSimulator.Build.0 = Debug|Any CPU
		{76D287FE-5A3C-42CC-BCC4-25DA80794DD8}.AppStore|x64.ActiveCfg = Debug|Any CPU
		{76D287FE-5A3C-42CC-BCC4-25DA80794DD8}.AppStore|x64.Build.0 = Debug|Any CPU
		{76D287FE-5A3C-42CC-BCC4-25DA80794DD8}.AppStore|x86.ActiveCfg = Debug|Any CPU
		{76D287FE-5A3C-42CC-BCC4-25DA80794DD8}.AppStore|x86.Build.0 = Debug|Any CPU
		{76D287FE-5A3C-42CC-BCC4-25DA80794DD8}.Debug|Any CPU.ActiveCfg = Debug|Any CPU
		{76D287FE-5A3C-42CC-BCC4-25DA80794DD8}.Debug|Any CPU.Build.0 = Debug|Any CPU
		{76D287FE-5A3C-42CC-BCC4-25DA80794DD8}.Debug|ARM.ActiveCfg = Debug|Any CPU
		{76D287FE-5A3C-42CC-BCC4-25DA80794DD8}.Debug|ARM.Build.0 = Debug|Any CPU
		{76D287FE-5A3C-42CC-BCC4-25DA80794DD8}.Debug|iPhone.ActiveCfg = Debug|Any CPU
		{76D287FE-5A3C-42CC-BCC4-25DA80794DD8}.Debug|iPhone.Build.0 = Debug|Any CPU
		{76D287FE-5A3C-42CC-BCC4-25DA80794DD8}.Debug|iPhoneSimulator.ActiveCfg = Debug|Any CPU
		{76D287FE-5A3C-42CC-BCC4-25DA80794DD8}.Debug|iPhoneSimulator.Build.0 = Debug|Any CPU
		{76D287FE-5A3C-42CC-BCC4-25DA80794DD8}.Debug|x64.ActiveCfg = Debug|Any CPU
		{76D287FE-5A3C-42CC-BCC4-25DA80794DD8}.Debug|x64.Build.0 = Debug|Any CPU
		{76D287FE-5A3C-42CC-BCC4-25DA80794DD8}.Debug|x86.ActiveCfg = Debug|Any CPU
		{76D287FE-5A3C-42CC-BCC4-25DA80794DD8}.Debug|x86.Build.0 = Debug|Any CPU
		{76D287FE-5A3C-42CC-BCC4-25DA80794DD8}.Release|Any CPU.ActiveCfg = Release|Any CPU
		{76D287FE-5A3C-42CC-BCC4-25DA80794DD8}.Release|Any CPU.Build.0 = Release|Any CPU
		{76D287FE-5A3C-42CC-BCC4-25DA80794DD8}.Release|ARM.ActiveCfg = Release|Any CPU
		{76D287FE-5A3C-42CC-BCC4-25DA80794DD8}.Release|ARM.Build.0 = Release|Any CPU
		{76D287FE-5A3C-42CC-BCC4-25DA80794DD8}.Release|iPhone.ActiveCfg = Release|Any CPU
		{76D287FE-5A3C-42CC-BCC4-25DA80794DD8}.Release|iPhone.Build.0 = Release|Any CPU
		{76D287FE-5A3C-42CC-BCC4-25DA80794DD8}.Release|iPhoneSimulator.ActiveCfg = Release|Any CPU
		{76D287FE-5A3C-42CC-BCC4-25DA80794DD8}.Release|iPhoneSimulator.Build.0 = Release|Any CPU
		{76D287FE-5A3C-42CC-BCC4-25DA80794DD8}.Release|x64.ActiveCfg = Release|Any CPU
		{76D287FE-5A3C-42CC-BCC4-25DA80794DD8}.Release|x64.Build.0 = Release|Any CPU
		{76D287FE-5A3C-42CC-BCC4-25DA80794DD8}.Release|x86.ActiveCfg = Release|Any CPU
		{76D287FE-5A3C-42CC-BCC4-25DA80794DD8}.Release|x86.Build.0 = Release|Any CPU
		{22D69FB4-C3EB-4DEA-A605-002DC01C7ADC}.Ad-Hoc|Any CPU.ActiveCfg = Debug|Any CPU
		{22D69FB4-C3EB-4DEA-A605-002DC01C7ADC}.Ad-Hoc|Any CPU.Build.0 = Debug|Any CPU
		{22D69FB4-C3EB-4DEA-A605-002DC01C7ADC}.Ad-Hoc|ARM.ActiveCfg = Debug|Any CPU
		{22D69FB4-C3EB-4DEA-A605-002DC01C7ADC}.Ad-Hoc|ARM.Build.0 = Debug|Any CPU
		{22D69FB4-C3EB-4DEA-A605-002DC01C7ADC}.Ad-Hoc|iPhone.ActiveCfg = Debug|Any CPU
		{22D69FB4-C3EB-4DEA-A605-002DC01C7ADC}.Ad-Hoc|iPhone.Build.0 = Debug|Any CPU
		{22D69FB4-C3EB-4DEA-A605-002DC01C7ADC}.Ad-Hoc|iPhoneSimulator.ActiveCfg = Debug|Any CPU
		{22D69FB4-C3EB-4DEA-A605-002DC01C7ADC}.Ad-Hoc|iPhoneSimulator.Build.0 = Debug|Any CPU
		{22D69FB4-C3EB-4DEA-A605-002DC01C7ADC}.Ad-Hoc|x64.ActiveCfg = Debug|Any CPU
		{22D69FB4-C3EB-4DEA-A605-002DC01C7ADC}.Ad-Hoc|x64.Build.0 = Debug|Any CPU
		{22D69FB4-C3EB-4DEA-A605-002DC01C7ADC}.Ad-Hoc|x86.ActiveCfg = Debug|Any CPU
		{22D69FB4-C3EB-4DEA-A605-002DC01C7ADC}.Ad-Hoc|x86.Build.0 = Debug|Any CPU
		{22D69FB4-C3EB-4DEA-A605-002DC01C7ADC}.AppStore|Any CPU.ActiveCfg = Debug|Any CPU
		{22D69FB4-C3EB-4DEA-A605-002DC01C7ADC}.AppStore|Any CPU.Build.0 = Debug|Any CPU
		{22D69FB4-C3EB-4DEA-A605-002DC01C7ADC}.AppStore|ARM.ActiveCfg = Debug|Any CPU
		{22D69FB4-C3EB-4DEA-A605-002DC01C7ADC}.AppStore|ARM.Build.0 = Debug|Any CPU
		{22D69FB4-C3EB-4DEA-A605-002DC01C7ADC}.AppStore|iPhone.ActiveCfg = Debug|Any CPU
		{22D69FB4-C3EB-4DEA-A605-002DC01C7ADC}.AppStore|iPhone.Build.0 = Debug|Any CPU
		{22D69FB4-C3EB-4DEA-A605-002DC01C7ADC}.AppStore|iPhoneSimulator.ActiveCfg = Debug|Any CPU
		{22D69FB4-C3EB-4DEA-A605-002DC01C7ADC}.AppStore|iPhoneSimulator.Build.0 = Debug|Any CPU
		{22D69FB4-C3EB-4DEA-A605-002DC01C7ADC}.AppStore|x64.ActiveCfg = Debug|Any CPU
		{22D69FB4-C3EB-4DEA-A605-002DC01C7ADC}.AppStore|x64.Build.0 = Debug|Any CPU
		{22D69FB4-C3EB-4DEA-A605-002DC01C7ADC}.AppStore|x86.ActiveCfg = Debug|Any CPU
		{22D69FB4-C3EB-4DEA-A605-002DC01C7ADC}.AppStore|x86.Build.0 = Debug|Any CPU
		{22D69FB4-C3EB-4DEA-A605-002DC01C7ADC}.Debug|Any CPU.ActiveCfg = Debug|Any CPU
		{22D69FB4-C3EB-4DEA-A605-002DC01C7ADC}.Debug|Any CPU.Build.0 = Debug|Any CPU
		{22D69FB4-C3EB-4DEA-A605-002DC01C7ADC}.Debug|ARM.ActiveCfg = Debug|Any CPU
		{22D69FB4-C3EB-4DEA-A605-002DC01C7ADC}.Debug|ARM.Build.0 = Debug|Any CPU
		{22D69FB4-C3EB-4DEA-A605-002DC01C7ADC}.Debug|iPhone.ActiveCfg = Debug|Any CPU
		{22D69FB4-C3EB-4DEA-A605-002DC01C7ADC}.Debug|iPhone.Build.0 = Debug|Any CPU
		{22D69FB4-C3EB-4DEA-A605-002DC01C7ADC}.Debug|iPhoneSimulator.ActiveCfg = Debug|Any CPU
		{22D69FB4-C3EB-4DEA-A605-002DC01C7ADC}.Debug|iPhoneSimulator.Build.0 = Debug|Any CPU
		{22D69FB4-C3EB-4DEA-A605-002DC01C7ADC}.Debug|x64.ActiveCfg = Debug|Any CPU
		{22D69FB4-C3EB-4DEA-A605-002DC01C7ADC}.Debug|x64.Build.0 = Debug|Any CPU
		{22D69FB4-C3EB-4DEA-A605-002DC01C7ADC}.Debug|x86.ActiveCfg = Debug|Any CPU
		{22D69FB4-C3EB-4DEA-A605-002DC01C7ADC}.Debug|x86.Build.0 = Debug|Any CPU
		{22D69FB4-C3EB-4DEA-A605-002DC01C7ADC}.Release|Any CPU.ActiveCfg = Release|Any CPU
		{22D69FB4-C3EB-4DEA-A605-002DC01C7ADC}.Release|Any CPU.Build.0 = Release|Any CPU
		{22D69FB4-C3EB-4DEA-A605-002DC01C7ADC}.Release|ARM.ActiveCfg = Release|Any CPU
		{22D69FB4-C3EB-4DEA-A605-002DC01C7ADC}.Release|ARM.Build.0 = Release|Any CPU
		{22D69FB4-C3EB-4DEA-A605-002DC01C7ADC}.Release|iPhone.ActiveCfg = Release|Any CPU
		{22D69FB4-C3EB-4DEA-A605-002DC01C7ADC}.Release|iPhone.Build.0 = Release|Any CPU
		{22D69FB4-C3EB-4DEA-A605-002DC01C7ADC}.Release|iPhoneSimulator.ActiveCfg = Release|Any CPU
		{22D69FB4-C3EB-4DEA-A605-002DC01C7ADC}.Release|iPhoneSimulator.Build.0 = Release|Any CPU
		{22D69FB4-C3EB-4DEA-A605-002DC01C7ADC}.Release|x64.ActiveCfg = Release|Any CPU
		{22D69FB4-C3EB-4DEA-A605-002DC01C7ADC}.Release|x64.Build.0 = Release|Any CPU
		{22D69FB4-C3EB-4DEA-A605-002DC01C7ADC}.Release|x86.ActiveCfg = Release|Any CPU
		{22D69FB4-C3EB-4DEA-A605-002DC01C7ADC}.Release|x86.Build.0 = Release|Any CPU
		{CA79D1DE-F6C5-4B2D-9E01-771D0AB2CD81}.Ad-Hoc|Any CPU.ActiveCfg = Debug|Any CPU
		{CA79D1DE-F6C5-4B2D-9E01-771D0AB2CD81}.Ad-Hoc|Any CPU.Build.0 = Debug|Any CPU
		{CA79D1DE-F6C5-4B2D-9E01-771D0AB2CD81}.Ad-Hoc|ARM.ActiveCfg = Debug|Any CPU
		{CA79D1DE-F6C5-4B2D-9E01-771D0AB2CD81}.Ad-Hoc|ARM.Build.0 = Debug|Any CPU
		{CA79D1DE-F6C5-4B2D-9E01-771D0AB2CD81}.Ad-Hoc|iPhone.ActiveCfg = Debug|Any CPU
		{CA79D1DE-F6C5-4B2D-9E01-771D0AB2CD81}.Ad-Hoc|iPhone.Build.0 = Debug|Any CPU
		{CA79D1DE-F6C5-4B2D-9E01-771D0AB2CD81}.Ad-Hoc|iPhoneSimulator.ActiveCfg = Debug|Any CPU
		{CA79D1DE-F6C5-4B2D-9E01-771D0AB2CD81}.Ad-Hoc|iPhoneSimulator.Build.0 = Debug|Any CPU
		{CA79D1DE-F6C5-4B2D-9E01-771D0AB2CD81}.Ad-Hoc|x64.ActiveCfg = Debug|Any CPU
		{CA79D1DE-F6C5-4B2D-9E01-771D0AB2CD81}.Ad-Hoc|x64.Build.0 = Debug|Any CPU
		{CA79D1DE-F6C5-4B2D-9E01-771D0AB2CD81}.Ad-Hoc|x86.ActiveCfg = Debug|Any CPU
		{CA79D1DE-F6C5-4B2D-9E01-771D0AB2CD81}.Ad-Hoc|x86.Build.0 = Debug|Any CPU
		{CA79D1DE-F6C5-4B2D-9E01-771D0AB2CD81}.AppStore|Any CPU.ActiveCfg = Debug|Any CPU
		{CA79D1DE-F6C5-4B2D-9E01-771D0AB2CD81}.AppStore|Any CPU.Build.0 = Debug|Any CPU
		{CA79D1DE-F6C5-4B2D-9E01-771D0AB2CD81}.AppStore|ARM.ActiveCfg = Debug|Any CPU
		{CA79D1DE-F6C5-4B2D-9E01-771D0AB2CD81}.AppStore|ARM.Build.0 = Debug|Any CPU
		{CA79D1DE-F6C5-4B2D-9E01-771D0AB2CD81}.AppStore|iPhone.ActiveCfg = Debug|Any CPU
		{CA79D1DE-F6C5-4B2D-9E01-771D0AB2CD81}.AppStore|iPhone.Build.0 = Debug|Any CPU
		{CA79D1DE-F6C5-4B2D-9E01-771D0AB2CD81}.AppStore|iPhoneSimulator.ActiveCfg = Debug|Any CPU
		{CA79D1DE-F6C5-4B2D-9E01-771D0AB2CD81}.AppStore|iPhoneSimulator.Build.0 = Debug|Any CPU
		{CA79D1DE-F6C5-4B2D-9E01-771D0AB2CD81}.AppStore|x64.ActiveCfg = Debug|Any CPU
		{CA79D1DE-F6C5-4B2D-9E01-771D0AB2CD81}.AppStore|x64.Build.0 = Debug|Any CPU
		{CA79D1DE-F6C5-4B2D-9E01-771D0AB2CD81}.AppStore|x86.ActiveCfg = Debug|Any CPU
		{CA79D1DE-F6C5-4B2D-9E01-771D0AB2CD81}.AppStore|x86.Build.0 = Debug|Any CPU
		{CA79D1DE-F6C5-4B2D-9E01-771D0AB2CD81}.Debug|Any CPU.ActiveCfg = Debug|Any CPU
		{CA79D1DE-F6C5-4B2D-9E01-771D0AB2CD81}.Debug|Any CPU.Build.0 = Debug|Any CPU
		{CA79D1DE-F6C5-4B2D-9E01-771D0AB2CD81}.Debug|ARM.ActiveCfg = Debug|Any CPU
		{CA79D1DE-F6C5-4B2D-9E01-771D0AB2CD81}.Debug|ARM.Build.0 = Debug|Any CPU
		{CA79D1DE-F6C5-4B2D-9E01-771D0AB2CD81}.Debug|iPhone.ActiveCfg = Debug|Any CPU
		{CA79D1DE-F6C5-4B2D-9E01-771D0AB2CD81}.Debug|iPhone.Build.0 = Debug|Any CPU
		{CA79D1DE-F6C5-4B2D-9E01-771D0AB2CD81}.Debug|iPhoneSimulator.ActiveCfg = Debug|Any CPU
		{CA79D1DE-F6C5-4B2D-9E01-771D0AB2CD81}.Debug|iPhoneSimulator.Build.0 = Debug|Any CPU
		{CA79D1DE-F6C5-4B2D-9E01-771D0AB2CD81}.Debug|x64.ActiveCfg = Debug|Any CPU
		{CA79D1DE-F6C5-4B2D-9E01-771D0AB2CD81}.Debug|x64.Build.0 = Debug|Any CPU
		{CA79D1DE-F6C5-4B2D-9E01-771D0AB2CD81}.Debug|x86.ActiveCfg = Debug|Any CPU
		{CA79D1DE-F6C5-4B2D-9E01-771D0AB2CD81}.Debug|x86.Build.0 = Debug|Any CPU
		{CA79D1DE-F6C5-4B2D-9E01-771D0AB2CD81}.Release|Any CPU.ActiveCfg = Release|Any CPU
		{CA79D1DE-F6C5-4B2D-9E01-771D0AB2CD81}.Release|Any CPU.Build.0 = Release|Any CPU
		{CA79D1DE-F6C5-4B2D-9E01-771D0AB2CD81}.Release|ARM.ActiveCfg = Release|Any CPU
		{CA79D1DE-F6C5-4B2D-9E01-771D0AB2CD81}.Release|ARM.Build.0 = Release|Any CPU
		{CA79D1DE-F6C5-4B2D-9E01-771D0AB2CD81}.Release|iPhone.ActiveCfg = Release|Any CPU
		{CA79D1DE-F6C5-4B2D-9E01-771D0AB2CD81}.Release|iPhone.Build.0 = Release|Any CPU
		{CA79D1DE-F6C5-4B2D-9E01-771D0AB2CD81}.Release|iPhoneSimulator.ActiveCfg = Release|Any CPU
		{CA79D1DE-F6C5-4B2D-9E01-771D0AB2CD81}.Release|iPhoneSimulator.Build.0 = Release|Any CPU
		{CA79D1DE-F6C5-4B2D-9E01-771D0AB2CD81}.Release|x64.ActiveCfg = Release|Any CPU
		{CA79D1DE-F6C5-4B2D-9E01-771D0AB2CD81}.Release|x64.Build.0 = Release|Any CPU
		{CA79D1DE-F6C5-4B2D-9E01-771D0AB2CD81}.Release|x86.ActiveCfg = Release|Any CPU
		{CA79D1DE-F6C5-4B2D-9E01-771D0AB2CD81}.Release|x86.Build.0 = Release|Any CPU
		{9FE860B6-DE5D-4614-82CF-FA6AF009F9C1}.Ad-Hoc|Any CPU.ActiveCfg = Debug|Any CPU
		{9FE860B6-DE5D-4614-82CF-FA6AF009F9C1}.Ad-Hoc|Any CPU.Build.0 = Debug|Any CPU
		{9FE860B6-DE5D-4614-82CF-FA6AF009F9C1}.Ad-Hoc|ARM.ActiveCfg = Debug|Any CPU
		{9FE860B6-DE5D-4614-82CF-FA6AF009F9C1}.Ad-Hoc|ARM.Build.0 = Debug|Any CPU
		{9FE860B6-DE5D-4614-82CF-FA6AF009F9C1}.Ad-Hoc|iPhone.ActiveCfg = Debug|Any CPU
		{9FE860B6-DE5D-4614-82CF-FA6AF009F9C1}.Ad-Hoc|iPhone.Build.0 = Debug|Any CPU
		{9FE860B6-DE5D-4614-82CF-FA6AF009F9C1}.Ad-Hoc|iPhoneSimulator.ActiveCfg = Debug|Any CPU
		{9FE860B6-DE5D-4614-82CF-FA6AF009F9C1}.Ad-Hoc|iPhoneSimulator.Build.0 = Debug|Any CPU
		{9FE860B6-DE5D-4614-82CF-FA6AF009F9C1}.Ad-Hoc|x64.ActiveCfg = Debug|Any CPU
		{9FE860B6-DE5D-4614-82CF-FA6AF009F9C1}.Ad-Hoc|x64.Build.0 = Debug|Any CPU
		{9FE860B6-DE5D-4614-82CF-FA6AF009F9C1}.Ad-Hoc|x86.ActiveCfg = Debug|Any CPU
		{9FE860B6-DE5D-4614-82CF-FA6AF009F9C1}.Ad-Hoc|x86.Build.0 = Debug|Any CPU
		{9FE860B6-DE5D-4614-82CF-FA6AF009F9C1}.AppStore|Any CPU.ActiveCfg = Debug|Any CPU
		{9FE860B6-DE5D-4614-82CF-FA6AF009F9C1}.AppStore|Any CPU.Build.0 = Debug|Any CPU
		{9FE860B6-DE5D-4614-82CF-FA6AF009F9C1}.AppStore|ARM.ActiveCfg = Debug|Any CPU
		{9FE860B6-DE5D-4614-82CF-FA6AF009F9C1}.AppStore|ARM.Build.0 = Debug|Any CPU
		{9FE860B6-DE5D-4614-82CF-FA6AF009F9C1}.AppStore|iPhone.ActiveCfg = Debug|Any CPU
		{9FE860B6-DE5D-4614-82CF-FA6AF009F9C1}.AppStore|iPhone.Build.0 = Debug|Any CPU
		{9FE860B6-DE5D-4614-82CF-FA6AF009F9C1}.AppStore|iPhoneSimulator.ActiveCfg = Debug|Any CPU
		{9FE860B6-DE5D-4614-82CF-FA6AF009F9C1}.AppStore|iPhoneSimulator.Build.0 = Debug|Any CPU
		{9FE860B6-DE5D-4614-82CF-FA6AF009F9C1}.AppStore|x64.ActiveCfg = Debug|Any CPU
		{9FE860B6-DE5D-4614-82CF-FA6AF009F9C1}.AppStore|x64.Build.0 = Debug|Any CPU
		{9FE860B6-DE5D-4614-82CF-FA6AF009F9C1}.AppStore|x86.ActiveCfg = Debug|Any CPU
		{9FE860B6-DE5D-4614-82CF-FA6AF009F9C1}.AppStore|x86.Build.0 = Debug|Any CPU
		{9FE860B6-DE5D-4614-82CF-FA6AF009F9C1}.Debug|Any CPU.ActiveCfg = Debug|Any CPU
		{9FE860B6-DE5D-4614-82CF-FA6AF009F9C1}.Debug|Any CPU.Build.0 = Debug|Any CPU
		{9FE860B6-DE5D-4614-82CF-FA6AF009F9C1}.Debug|ARM.ActiveCfg = Debug|Any CPU
		{9FE860B6-DE5D-4614-82CF-FA6AF009F9C1}.Debug|ARM.Build.0 = Debug|Any CPU
		{9FE860B6-DE5D-4614-82CF-FA6AF009F9C1}.Debug|iPhone.ActiveCfg = Debug|Any CPU
		{9FE860B6-DE5D-4614-82CF-FA6AF009F9C1}.Debug|iPhone.Build.0 = Debug|Any CPU
		{9FE860B6-DE5D-4614-82CF-FA6AF009F9C1}.Debug|iPhoneSimulator.ActiveCfg = Debug|Any CPU
		{9FE860B6-DE5D-4614-82CF-FA6AF009F9C1}.Debug|iPhoneSimulator.Build.0 = Debug|Any CPU
		{9FE860B6-DE5D-4614-82CF-FA6AF009F9C1}.Debug|x64.ActiveCfg = Debug|Any CPU
		{9FE860B6-DE5D-4614-82CF-FA6AF009F9C1}.Debug|x64.Build.0 = Debug|Any CPU
		{9FE860B6-DE5D-4614-82CF-FA6AF009F9C1}.Debug|x86.ActiveCfg = Debug|Any CPU
		{9FE860B6-DE5D-4614-82CF-FA6AF009F9C1}.Debug|x86.Build.0 = Debug|Any CPU
		{9FE860B6-DE5D-4614-82CF-FA6AF009F9C1}.Release|Any CPU.ActiveCfg = Release|Any CPU
		{9FE860B6-DE5D-4614-82CF-FA6AF009F9C1}.Release|Any CPU.Build.0 = Release|Any CPU
		{9FE860B6-DE5D-4614-82CF-FA6AF009F9C1}.Release|ARM.ActiveCfg = Release|Any CPU
		{9FE860B6-DE5D-4614-82CF-FA6AF009F9C1}.Release|ARM.Build.0 = Release|Any CPU
		{9FE860B6-DE5D-4614-82CF-FA6AF009F9C1}.Release|iPhone.ActiveCfg = Release|Any CPU
		{9FE860B6-DE5D-4614-82CF-FA6AF009F9C1}.Release|iPhone.Build.0 = Release|Any CPU
		{9FE860B6-DE5D-4614-82CF-FA6AF009F9C1}.Release|iPhoneSimulator.ActiveCfg = Release|Any CPU
		{9FE860B6-DE5D-4614-82CF-FA6AF009F9C1}.Release|iPhoneSimulator.Build.0 = Release|Any CPU
		{9FE860B6-DE5D-4614-82CF-FA6AF009F9C1}.Release|x64.ActiveCfg = Release|Any CPU
		{9FE860B6-DE5D-4614-82CF-FA6AF009F9C1}.Release|x64.Build.0 = Release|Any CPU
		{9FE860B6-DE5D-4614-82CF-FA6AF009F9C1}.Release|x86.ActiveCfg = Release|Any CPU
		{9FE860B6-DE5D-4614-82CF-FA6AF009F9C1}.Release|x86.Build.0 = Release|Any CPU
		{CD92060D-CD5F-42E4-9E6E-271350979059}.Ad-Hoc|Any CPU.ActiveCfg = Debug|Any CPU
		{CD92060D-CD5F-42E4-9E6E-271350979059}.Ad-Hoc|Any CPU.Build.0 = Debug|Any CPU
		{CD92060D-CD5F-42E4-9E6E-271350979059}.Ad-Hoc|ARM.ActiveCfg = Debug|Any CPU
		{CD92060D-CD5F-42E4-9E6E-271350979059}.Ad-Hoc|ARM.Build.0 = Debug|Any CPU
		{CD92060D-CD5F-42E4-9E6E-271350979059}.Ad-Hoc|iPhone.ActiveCfg = Debug|Any CPU
		{CD92060D-CD5F-42E4-9E6E-271350979059}.Ad-Hoc|iPhone.Build.0 = Debug|Any CPU
		{CD92060D-CD5F-42E4-9E6E-271350979059}.Ad-Hoc|iPhoneSimulator.ActiveCfg = Debug|Any CPU
		{CD92060D-CD5F-42E4-9E6E-271350979059}.Ad-Hoc|iPhoneSimulator.Build.0 = Debug|Any CPU
		{CD92060D-CD5F-42E4-9E6E-271350979059}.Ad-Hoc|x64.ActiveCfg = Debug|Any CPU
		{CD92060D-CD5F-42E4-9E6E-271350979059}.Ad-Hoc|x64.Build.0 = Debug|Any CPU
		{CD92060D-CD5F-42E4-9E6E-271350979059}.Ad-Hoc|x86.ActiveCfg = Debug|Any CPU
		{CD92060D-CD5F-42E4-9E6E-271350979059}.Ad-Hoc|x86.Build.0 = Debug|Any CPU
		{CD92060D-CD5F-42E4-9E6E-271350979059}.AppStore|Any CPU.ActiveCfg = Debug|Any CPU
		{CD92060D-CD5F-42E4-9E6E-271350979059}.AppStore|Any CPU.Build.0 = Debug|Any CPU
		{CD92060D-CD5F-42E4-9E6E-271350979059}.AppStore|ARM.ActiveCfg = Debug|Any CPU
		{CD92060D-CD5F-42E4-9E6E-271350979059}.AppStore|ARM.Build.0 = Debug|Any CPU
		{CD92060D-CD5F-42E4-9E6E-271350979059}.AppStore|iPhone.ActiveCfg = Debug|Any CPU
		{CD92060D-CD5F-42E4-9E6E-271350979059}.AppStore|iPhone.Build.0 = Debug|Any CPU
		{CD92060D-CD5F-42E4-9E6E-271350979059}.AppStore|iPhoneSimulator.ActiveCfg = Debug|Any CPU
		{CD92060D-CD5F-42E4-9E6E-271350979059}.AppStore|iPhoneSimulator.Build.0 = Debug|Any CPU
		{CD92060D-CD5F-42E4-9E6E-271350979059}.AppStore|x64.ActiveCfg = Debug|Any CPU
		{CD92060D-CD5F-42E4-9E6E-271350979059}.AppStore|x64.Build.0 = Debug|Any CPU
		{CD92060D-CD5F-42E4-9E6E-271350979059}.AppStore|x86.ActiveCfg = Debug|Any CPU
		{CD92060D-CD5F-42E4-9E6E-271350979059}.AppStore|x86.Build.0 = Debug|Any CPU
		{CD92060D-CD5F-42E4-9E6E-271350979059}.Debug|Any CPU.ActiveCfg = Debug|Any CPU
		{CD92060D-CD5F-42E4-9E6E-271350979059}.Debug|Any CPU.Build.0 = Debug|Any CPU
		{CD92060D-CD5F-42E4-9E6E-271350979059}.Debug|ARM.ActiveCfg = Debug|Any CPU
		{CD92060D-CD5F-42E4-9E6E-271350979059}.Debug|ARM.Build.0 = Debug|Any CPU
		{CD92060D-CD5F-42E4-9E6E-271350979059}.Debug|iPhone.ActiveCfg = Debug|Any CPU
		{CD92060D-CD5F-42E4-9E6E-271350979059}.Debug|iPhone.Build.0 = Debug|Any CPU
		{CD92060D-CD5F-42E4-9E6E-271350979059}.Debug|iPhoneSimulator.ActiveCfg = Debug|Any CPU
		{CD92060D-CD5F-42E4-9E6E-271350979059}.Debug|iPhoneSimulator.Build.0 = Debug|Any CPU
		{CD92060D-CD5F-42E4-9E6E-271350979059}.Debug|x64.ActiveCfg = Debug|Any CPU
		{CD92060D-CD5F-42E4-9E6E-271350979059}.Debug|x64.Build.0 = Debug|Any CPU
		{CD92060D-CD5F-42E4-9E6E-271350979059}.Debug|x86.ActiveCfg = Debug|Any CPU
		{CD92060D-CD5F-42E4-9E6E-271350979059}.Debug|x86.Build.0 = Debug|Any CPU
		{CD92060D-CD5F-42E4-9E6E-271350979059}.Release|Any CPU.ActiveCfg = Release|Any CPU
		{CD92060D-CD5F-42E4-9E6E-271350979059}.Release|Any CPU.Build.0 = Release|Any CPU
		{CD92060D-CD5F-42E4-9E6E-271350979059}.Release|ARM.ActiveCfg = Release|Any CPU
		{CD92060D-CD5F-42E4-9E6E-271350979059}.Release|ARM.Build.0 = Release|Any CPU
		{CD92060D-CD5F-42E4-9E6E-271350979059}.Release|iPhone.ActiveCfg = Release|Any CPU
		{CD92060D-CD5F-42E4-9E6E-271350979059}.Release|iPhone.Build.0 = Release|Any CPU
		{CD92060D-CD5F-42E4-9E6E-271350979059}.Release|iPhoneSimulator.ActiveCfg = Release|Any CPU
		{CD92060D-CD5F-42E4-9E6E-271350979059}.Release|iPhoneSimulator.Build.0 = Release|Any CPU
		{CD92060D-CD5F-42E4-9E6E-271350979059}.Release|x64.ActiveCfg = Release|Any CPU
		{CD92060D-CD5F-42E4-9E6E-271350979059}.Release|x64.Build.0 = Release|Any CPU
		{CD92060D-CD5F-42E4-9E6E-271350979059}.Release|x86.ActiveCfg = Release|Any CPU
		{CD92060D-CD5F-42E4-9E6E-271350979059}.Release|x86.Build.0 = Release|Any CPU
		{FB517ABF-00C4-4B37-972C-C049219AB7A5}.Ad-Hoc|Any CPU.ActiveCfg = Debug|Any CPU
		{FB517ABF-00C4-4B37-972C-C049219AB7A5}.Ad-Hoc|Any CPU.Build.0 = Debug|Any CPU
		{FB517ABF-00C4-4B37-972C-C049219AB7A5}.Ad-Hoc|ARM.ActiveCfg = Debug|Any CPU
		{FB517ABF-00C4-4B37-972C-C049219AB7A5}.Ad-Hoc|ARM.Build.0 = Debug|Any CPU
		{FB517ABF-00C4-4B37-972C-C049219AB7A5}.Ad-Hoc|iPhone.ActiveCfg = Debug|Any CPU
		{FB517ABF-00C4-4B37-972C-C049219AB7A5}.Ad-Hoc|iPhone.Build.0 = Debug|Any CPU
		{FB517ABF-00C4-4B37-972C-C049219AB7A5}.Ad-Hoc|iPhoneSimulator.ActiveCfg = Debug|Any CPU
		{FB517ABF-00C4-4B37-972C-C049219AB7A5}.Ad-Hoc|iPhoneSimulator.Build.0 = Debug|Any CPU
		{FB517ABF-00C4-4B37-972C-C049219AB7A5}.Ad-Hoc|x64.ActiveCfg = Debug|Any CPU
		{FB517ABF-00C4-4B37-972C-C049219AB7A5}.Ad-Hoc|x64.Build.0 = Debug|Any CPU
		{FB517ABF-00C4-4B37-972C-C049219AB7A5}.Ad-Hoc|x86.ActiveCfg = Debug|Any CPU
		{FB517ABF-00C4-4B37-972C-C049219AB7A5}.Ad-Hoc|x86.Build.0 = Debug|Any CPU
		{FB517ABF-00C4-4B37-972C-C049219AB7A5}.AppStore|Any CPU.ActiveCfg = Debug|Any CPU
		{FB517ABF-00C4-4B37-972C-C049219AB7A5}.AppStore|Any CPU.Build.0 = Debug|Any CPU
		{FB517ABF-00C4-4B37-972C-C049219AB7A5}.AppStore|ARM.ActiveCfg = Debug|Any CPU
		{FB517ABF-00C4-4B37-972C-C049219AB7A5}.AppStore|ARM.Build.0 = Debug|Any CPU
		{FB517ABF-00C4-4B37-972C-C049219AB7A5}.AppStore|iPhone.ActiveCfg = Debug|Any CPU
		{FB517ABF-00C4-4B37-972C-C049219AB7A5}.AppStore|iPhone.Build.0 = Debug|Any CPU
		{FB517ABF-00C4-4B37-972C-C049219AB7A5}.AppStore|iPhoneSimulator.ActiveCfg = Debug|Any CPU
		{FB517ABF-00C4-4B37-972C-C049219AB7A5}.AppStore|iPhoneSimulator.Build.0 = Debug|Any CPU
		{FB517ABF-00C4-4B37-972C-C049219AB7A5}.AppStore|x64.ActiveCfg = Debug|Any CPU
		{FB517ABF-00C4-4B37-972C-C049219AB7A5}.AppStore|x64.Build.0 = Debug|Any CPU
		{FB517ABF-00C4-4B37-972C-C049219AB7A5}.AppStore|x86.ActiveCfg = Debug|Any CPU
		{FB517ABF-00C4-4B37-972C-C049219AB7A5}.AppStore|x86.Build.0 = Debug|Any CPU
		{FB517ABF-00C4-4B37-972C-C049219AB7A5}.Debug|Any CPU.ActiveCfg = Debug|Any CPU
		{FB517ABF-00C4-4B37-972C-C049219AB7A5}.Debug|Any CPU.Build.0 = Debug|Any CPU
		{FB517ABF-00C4-4B37-972C-C049219AB7A5}.Debug|ARM.ActiveCfg = Debug|Any CPU
		{FB517ABF-00C4-4B37-972C-C049219AB7A5}.Debug|ARM.Build.0 = Debug|Any CPU
		{FB517ABF-00C4-4B37-972C-C049219AB7A5}.Debug|iPhone.ActiveCfg = Debug|Any CPU
		{FB517ABF-00C4-4B37-972C-C049219AB7A5}.Debug|iPhone.Build.0 = Debug|Any CPU
		{FB517ABF-00C4-4B37-972C-C049219AB7A5}.Debug|iPhoneSimulator.ActiveCfg = Debug|Any CPU
		{FB517ABF-00C4-4B37-972C-C049219AB7A5}.Debug|iPhoneSimulator.Build.0 = Debug|Any CPU
		{FB517ABF-00C4-4B37-972C-C049219AB7A5}.Debug|x64.ActiveCfg = Debug|Any CPU
		{FB517ABF-00C4-4B37-972C-C049219AB7A5}.Debug|x64.Build.0 = Debug|Any CPU
		{FB517ABF-00C4-4B37-972C-C049219AB7A5}.Debug|x86.ActiveCfg = Debug|Any CPU
		{FB517ABF-00C4-4B37-972C-C049219AB7A5}.Debug|x86.Build.0 = Debug|Any CPU
		{FB517ABF-00C4-4B37-972C-C049219AB7A5}.Release|Any CPU.ActiveCfg = Release|Any CPU
		{FB517ABF-00C4-4B37-972C-C049219AB7A5}.Release|Any CPU.Build.0 = Release|Any CPU
		{FB517ABF-00C4-4B37-972C-C049219AB7A5}.Release|ARM.ActiveCfg = Release|Any CPU
		{FB517ABF-00C4-4B37-972C-C049219AB7A5}.Release|ARM.Build.0 = Release|Any CPU
		{FB517ABF-00C4-4B37-972C-C049219AB7A5}.Release|iPhone.ActiveCfg = Release|Any CPU
		{FB517ABF-00C4-4B37-972C-C049219AB7A5}.Release|iPhone.Build.0 = Release|Any CPU
		{FB517ABF-00C4-4B37-972C-C049219AB7A5}.Release|iPhoneSimulator.ActiveCfg = Release|Any CPU
		{FB517ABF-00C4-4B37-972C-C049219AB7A5}.Release|iPhoneSimulator.Build.0 = Release|Any CPU
		{FB517ABF-00C4-4B37-972C-C049219AB7A5}.Release|x64.ActiveCfg = Release|Any CPU
		{FB517ABF-00C4-4B37-972C-C049219AB7A5}.Release|x64.Build.0 = Release|Any CPU
		{FB517ABF-00C4-4B37-972C-C049219AB7A5}.Release|x86.ActiveCfg = Release|Any CPU
		{FB517ABF-00C4-4B37-972C-C049219AB7A5}.Release|x86.Build.0 = Release|Any CPU
		{50A6F0E3-CADC-4070-AD0B-F8B97ACDB8A6}.Ad-Hoc|Any CPU.ActiveCfg = Debug|Any CPU
		{50A6F0E3-CADC-4070-AD0B-F8B97ACDB8A6}.Ad-Hoc|Any CPU.Build.0 = Debug|Any CPU
		{50A6F0E3-CADC-4070-AD0B-F8B97ACDB8A6}.Ad-Hoc|ARM.ActiveCfg = Debug|Any CPU
		{50A6F0E3-CADC-4070-AD0B-F8B97ACDB8A6}.Ad-Hoc|ARM.Build.0 = Debug|Any CPU
		{50A6F0E3-CADC-4070-AD0B-F8B97ACDB8A6}.Ad-Hoc|iPhone.ActiveCfg = Debug|Any CPU
		{50A6F0E3-CADC-4070-AD0B-F8B97ACDB8A6}.Ad-Hoc|iPhone.Build.0 = Debug|Any CPU
		{50A6F0E3-CADC-4070-AD0B-F8B97ACDB8A6}.Ad-Hoc|iPhoneSimulator.ActiveCfg = Debug|Any CPU
		{50A6F0E3-CADC-4070-AD0B-F8B97ACDB8A6}.Ad-Hoc|iPhoneSimulator.Build.0 = Debug|Any CPU
		{50A6F0E3-CADC-4070-AD0B-F8B97ACDB8A6}.Ad-Hoc|x64.ActiveCfg = Debug|Any CPU
		{50A6F0E3-CADC-4070-AD0B-F8B97ACDB8A6}.Ad-Hoc|x64.Build.0 = Debug|Any CPU
		{50A6F0E3-CADC-4070-AD0B-F8B97ACDB8A6}.Ad-Hoc|x86.ActiveCfg = Debug|Any CPU
		{50A6F0E3-CADC-4070-AD0B-F8B97ACDB8A6}.Ad-Hoc|x86.Build.0 = Debug|Any CPU
		{50A6F0E3-CADC-4070-AD0B-F8B97ACDB8A6}.AppStore|Any CPU.ActiveCfg = Debug|Any CPU
		{50A6F0E3-CADC-4070-AD0B-F8B97ACDB8A6}.AppStore|Any CPU.Build.0 = Debug|Any CPU
		{50A6F0E3-CADC-4070-AD0B-F8B97ACDB8A6}.AppStore|ARM.ActiveCfg = Debug|Any CPU
		{50A6F0E3-CADC-4070-AD0B-F8B97ACDB8A6}.AppStore|ARM.Build.0 = Debug|Any CPU
		{50A6F0E3-CADC-4070-AD0B-F8B97ACDB8A6}.AppStore|iPhone.ActiveCfg = Debug|Any CPU
		{50A6F0E3-CADC-4070-AD0B-F8B97ACDB8A6}.AppStore|iPhone.Build.0 = Debug|Any CPU
		{50A6F0E3-CADC-4070-AD0B-F8B97ACDB8A6}.AppStore|iPhoneSimulator.ActiveCfg = Debug|Any CPU
		{50A6F0E3-CADC-4070-AD0B-F8B97ACDB8A6}.AppStore|iPhoneSimulator.Build.0 = Debug|Any CPU
		{50A6F0E3-CADC-4070-AD0B-F8B97ACDB8A6}.AppStore|x64.ActiveCfg = Debug|Any CPU
		{50A6F0E3-CADC-4070-AD0B-F8B97ACDB8A6}.AppStore|x64.Build.0 = Debug|Any CPU
		{50A6F0E3-CADC-4070-AD0B-F8B97ACDB8A6}.AppStore|x86.ActiveCfg = Debug|Any CPU
		{50A6F0E3-CADC-4070-AD0B-F8B97ACDB8A6}.AppStore|x86.Build.0 = Debug|Any CPU
		{50A6F0E3-CADC-4070-AD0B-F8B97ACDB8A6}.Debug|Any CPU.ActiveCfg = Debug|Any CPU
		{50A6F0E3-CADC-4070-AD0B-F8B97ACDB8A6}.Debug|Any CPU.Build.0 = Debug|Any CPU
		{50A6F0E3-CADC-4070-AD0B-F8B97ACDB8A6}.Debug|ARM.ActiveCfg = Debug|Any CPU
		{50A6F0E3-CADC-4070-AD0B-F8B97ACDB8A6}.Debug|ARM.Build.0 = Debug|Any CPU
		{50A6F0E3-CADC-4070-AD0B-F8B97ACDB8A6}.Debug|iPhone.ActiveCfg = Debug|Any CPU
		{50A6F0E3-CADC-4070-AD0B-F8B97ACDB8A6}.Debug|iPhone.Build.0 = Debug|Any CPU
		{50A6F0E3-CADC-4070-AD0B-F8B97ACDB8A6}.Debug|iPhoneSimulator.ActiveCfg = Debug|Any CPU
		{50A6F0E3-CADC-4070-AD0B-F8B97ACDB8A6}.Debug|iPhoneSimulator.Build.0 = Debug|Any CPU
		{50A6F0E3-CADC-4070-AD0B-F8B97ACDB8A6}.Debug|x64.ActiveCfg = Debug|Any CPU
		{50A6F0E3-CADC-4070-AD0B-F8B97ACDB8A6}.Debug|x64.Build.0 = Debug|Any CPU
		{50A6F0E3-CADC-4070-AD0B-F8B97ACDB8A6}.Debug|x86.ActiveCfg = Debug|Any CPU
		{50A6F0E3-CADC-4070-AD0B-F8B97ACDB8A6}.Debug|x86.Build.0 = Debug|Any CPU
		{50A6F0E3-CADC-4070-AD0B-F8B97ACDB8A6}.Release|Any CPU.ActiveCfg = Release|Any CPU
		{50A6F0E3-CADC-4070-AD0B-F8B97ACDB8A6}.Release|Any CPU.Build.0 = Release|Any CPU
		{50A6F0E3-CADC-4070-AD0B-F8B97ACDB8A6}.Release|ARM.ActiveCfg = Release|Any CPU
		{50A6F0E3-CADC-4070-AD0B-F8B97ACDB8A6}.Release|ARM.Build.0 = Release|Any CPU
		{50A6F0E3-CADC-4070-AD0B-F8B97ACDB8A6}.Release|iPhone.ActiveCfg = Release|Any CPU
		{50A6F0E3-CADC-4070-AD0B-F8B97ACDB8A6}.Release|iPhone.Build.0 = Release|Any CPU
		{50A6F0E3-CADC-4070-AD0B-F8B97ACDB8A6}.Release|iPhoneSimulator.ActiveCfg = Release|Any CPU
		{50A6F0E3-CADC-4070-AD0B-F8B97ACDB8A6}.Release|iPhoneSimulator.Build.0 = Release|Any CPU
		{50A6F0E3-CADC-4070-AD0B-F8B97ACDB8A6}.Release|x64.ActiveCfg = Release|Any CPU
		{50A6F0E3-CADC-4070-AD0B-F8B97ACDB8A6}.Release|x64.Build.0 = Release|Any CPU
		{50A6F0E3-CADC-4070-AD0B-F8B97ACDB8A6}.Release|x86.ActiveCfg = Release|Any CPU
		{50A6F0E3-CADC-4070-AD0B-F8B97ACDB8A6}.Release|x86.Build.0 = Release|Any CPU
		{59A8B162-8A2C-47E9-AB0B-D92EA5189E90}.Ad-Hoc|Any CPU.ActiveCfg = Debug|Any CPU
		{59A8B162-8A2C-47E9-AB0B-D92EA5189E90}.Ad-Hoc|Any CPU.Build.0 = Debug|Any CPU
		{59A8B162-8A2C-47E9-AB0B-D92EA5189E90}.Ad-Hoc|ARM.ActiveCfg = Debug|Any CPU
		{59A8B162-8A2C-47E9-AB0B-D92EA5189E90}.Ad-Hoc|ARM.Build.0 = Debug|Any CPU
		{59A8B162-8A2C-47E9-AB0B-D92EA5189E90}.Ad-Hoc|iPhone.ActiveCfg = Debug|Any CPU
		{59A8B162-8A2C-47E9-AB0B-D92EA5189E90}.Ad-Hoc|iPhone.Build.0 = Debug|Any CPU
		{59A8B162-8A2C-47E9-AB0B-D92EA5189E90}.Ad-Hoc|iPhoneSimulator.ActiveCfg = Debug|Any CPU
		{59A8B162-8A2C-47E9-AB0B-D92EA5189E90}.Ad-Hoc|iPhoneSimulator.Build.0 = Debug|Any CPU
		{59A8B162-8A2C-47E9-AB0B-D92EA5189E90}.Ad-Hoc|x64.ActiveCfg = Debug|Any CPU
		{59A8B162-8A2C-47E9-AB0B-D92EA5189E90}.Ad-Hoc|x64.Build.0 = Debug|Any CPU
		{59A8B162-8A2C-47E9-AB0B-D92EA5189E90}.Ad-Hoc|x86.ActiveCfg = Debug|Any CPU
		{59A8B162-8A2C-47E9-AB0B-D92EA5189E90}.Ad-Hoc|x86.Build.0 = Debug|Any CPU
		{59A8B162-8A2C-47E9-AB0B-D92EA5189E90}.AppStore|Any CPU.ActiveCfg = Debug|Any CPU
		{59A8B162-8A2C-47E9-AB0B-D92EA5189E90}.AppStore|Any CPU.Build.0 = Debug|Any CPU
		{59A8B162-8A2C-47E9-AB0B-D92EA5189E90}.AppStore|ARM.ActiveCfg = Debug|Any CPU
		{59A8B162-8A2C-47E9-AB0B-D92EA5189E90}.AppStore|ARM.Build.0 = Debug|Any CPU
		{59A8B162-8A2C-47E9-AB0B-D92EA5189E90}.AppStore|iPhone.ActiveCfg = Debug|Any CPU
		{59A8B162-8A2C-47E9-AB0B-D92EA5189E90}.AppStore|iPhone.Build.0 = Debug|Any CPU
		{59A8B162-8A2C-47E9-AB0B-D92EA5189E90}.AppStore|iPhoneSimulator.ActiveCfg = Debug|Any CPU
		{59A8B162-8A2C-47E9-AB0B-D92EA5189E90}.AppStore|iPhoneSimulator.Build.0 = Debug|Any CPU
		{59A8B162-8A2C-47E9-AB0B-D92EA5189E90}.AppStore|x64.ActiveCfg = Debug|Any CPU
		{59A8B162-8A2C-47E9-AB0B-D92EA5189E90}.AppStore|x64.Build.0 = Debug|Any CPU
		{59A8B162-8A2C-47E9-AB0B-D92EA5189E90}.AppStore|x86.ActiveCfg = Debug|Any CPU
		{59A8B162-8A2C-47E9-AB0B-D92EA5189E90}.AppStore|x86.Build.0 = Debug|Any CPU
		{59A8B162-8A2C-47E9-AB0B-D92EA5189E90}.Debug|Any CPU.ActiveCfg = Debug|Any CPU
		{59A8B162-8A2C-47E9-AB0B-D92EA5189E90}.Debug|Any CPU.Build.0 = Debug|Any CPU
		{59A8B162-8A2C-47E9-AB0B-D92EA5189E90}.Debug|ARM.ActiveCfg = Debug|Any CPU
		{59A8B162-8A2C-47E9-AB0B-D92EA5189E90}.Debug|ARM.Build.0 = Debug|Any CPU
		{59A8B162-8A2C-47E9-AB0B-D92EA5189E90}.Debug|iPhone.ActiveCfg = Debug|Any CPU
		{59A8B162-8A2C-47E9-AB0B-D92EA5189E90}.Debug|iPhone.Build.0 = Debug|Any CPU
		{59A8B162-8A2C-47E9-AB0B-D92EA5189E90}.Debug|iPhoneSimulator.ActiveCfg = Debug|Any CPU
		{59A8B162-8A2C-47E9-AB0B-D92EA5189E90}.Debug|iPhoneSimulator.Build.0 = Debug|Any CPU
		{59A8B162-8A2C-47E9-AB0B-D92EA5189E90}.Debug|x64.ActiveCfg = Debug|Any CPU
		{59A8B162-8A2C-47E9-AB0B-D92EA5189E90}.Debug|x64.Build.0 = Debug|Any CPU
		{59A8B162-8A2C-47E9-AB0B-D92EA5189E90}.Debug|x86.ActiveCfg = Debug|Any CPU
		{59A8B162-8A2C-47E9-AB0B-D92EA5189E90}.Debug|x86.Build.0 = Debug|Any CPU
		{59A8B162-8A2C-47E9-AB0B-D92EA5189E90}.Release|Any CPU.ActiveCfg = Release|Any CPU
		{59A8B162-8A2C-47E9-AB0B-D92EA5189E90}.Release|Any CPU.Build.0 = Release|Any CPU
		{59A8B162-8A2C-47E9-AB0B-D92EA5189E90}.Release|ARM.ActiveCfg = Release|Any CPU
		{59A8B162-8A2C-47E9-AB0B-D92EA5189E90}.Release|ARM.Build.0 = Release|Any CPU
		{59A8B162-8A2C-47E9-AB0B-D92EA5189E90}.Release|iPhone.ActiveCfg = Release|Any CPU
		{59A8B162-8A2C-47E9-AB0B-D92EA5189E90}.Release|iPhone.Build.0 = Release|Any CPU
		{59A8B162-8A2C-47E9-AB0B-D92EA5189E90}.Release|iPhoneSimulator.ActiveCfg = Release|Any CPU
		{59A8B162-8A2C-47E9-AB0B-D92EA5189E90}.Release|iPhoneSimulator.Build.0 = Release|Any CPU
		{59A8B162-8A2C-47E9-AB0B-D92EA5189E90}.Release|x64.ActiveCfg = Release|Any CPU
		{59A8B162-8A2C-47E9-AB0B-D92EA5189E90}.Release|x64.Build.0 = Release|Any CPU
		{59A8B162-8A2C-47E9-AB0B-D92EA5189E90}.Release|x86.ActiveCfg = Release|Any CPU
		{59A8B162-8A2C-47E9-AB0B-D92EA5189E90}.Release|x86.Build.0 = Release|Any CPU
		{D4A4A7A9-6590-429F-ACDF-2A83BCC6BAB7}.Ad-Hoc|Any CPU.ActiveCfg = Debug|Any CPU
		{D4A4A7A9-6590-429F-ACDF-2A83BCC6BAB7}.Ad-Hoc|Any CPU.Build.0 = Debug|Any CPU
		{D4A4A7A9-6590-429F-ACDF-2A83BCC6BAB7}.Ad-Hoc|ARM.ActiveCfg = Debug|Any CPU
		{D4A4A7A9-6590-429F-ACDF-2A83BCC6BAB7}.Ad-Hoc|ARM.Build.0 = Debug|Any CPU
		{D4A4A7A9-6590-429F-ACDF-2A83BCC6BAB7}.Ad-Hoc|iPhone.ActiveCfg = Debug|Any CPU
		{D4A4A7A9-6590-429F-ACDF-2A83BCC6BAB7}.Ad-Hoc|iPhone.Build.0 = Debug|Any CPU
		{D4A4A7A9-6590-429F-ACDF-2A83BCC6BAB7}.Ad-Hoc|iPhoneSimulator.ActiveCfg = Debug|Any CPU
		{D4A4A7A9-6590-429F-ACDF-2A83BCC6BAB7}.Ad-Hoc|iPhoneSimulator.Build.0 = Debug|Any CPU
		{D4A4A7A9-6590-429F-ACDF-2A83BCC6BAB7}.Ad-Hoc|x64.ActiveCfg = Debug|Any CPU
		{D4A4A7A9-6590-429F-ACDF-2A83BCC6BAB7}.Ad-Hoc|x64.Build.0 = Debug|Any CPU
		{D4A4A7A9-6590-429F-ACDF-2A83BCC6BAB7}.Ad-Hoc|x86.ActiveCfg = Debug|Any CPU
		{D4A4A7A9-6590-429F-ACDF-2A83BCC6BAB7}.Ad-Hoc|x86.Build.0 = Debug|Any CPU
		{D4A4A7A9-6590-429F-ACDF-2A83BCC6BAB7}.AppStore|Any CPU.ActiveCfg = Debug|Any CPU
		{D4A4A7A9-6590-429F-ACDF-2A83BCC6BAB7}.AppStore|Any CPU.Build.0 = Debug|Any CPU
		{D4A4A7A9-6590-429F-ACDF-2A83BCC6BAB7}.AppStore|ARM.ActiveCfg = Debug|Any CPU
		{D4A4A7A9-6590-429F-ACDF-2A83BCC6BAB7}.AppStore|ARM.Build.0 = Debug|Any CPU
		{D4A4A7A9-6590-429F-ACDF-2A83BCC6BAB7}.AppStore|iPhone.ActiveCfg = Debug|Any CPU
		{D4A4A7A9-6590-429F-ACDF-2A83BCC6BAB7}.AppStore|iPhone.Build.0 = Debug|Any CPU
		{D4A4A7A9-6590-429F-ACDF-2A83BCC6BAB7}.AppStore|iPhoneSimulator.ActiveCfg = Debug|Any CPU
		{D4A4A7A9-6590-429F-ACDF-2A83BCC6BAB7}.AppStore|iPhoneSimulator.Build.0 = Debug|Any CPU
		{D4A4A7A9-6590-429F-ACDF-2A83BCC6BAB7}.AppStore|x64.ActiveCfg = Debug|Any CPU
		{D4A4A7A9-6590-429F-ACDF-2A83BCC6BAB7}.AppStore|x64.Build.0 = Debug|Any CPU
		{D4A4A7A9-6590-429F-ACDF-2A83BCC6BAB7}.AppStore|x86.ActiveCfg = Debug|Any CPU
		{D4A4A7A9-6590-429F-ACDF-2A83BCC6BAB7}.AppStore|x86.Build.0 = Debug|Any CPU
		{D4A4A7A9-6590-429F-ACDF-2A83BCC6BAB7}.Debug|Any CPU.ActiveCfg = Debug|Any CPU
		{D4A4A7A9-6590-429F-ACDF-2A83BCC6BAB7}.Debug|Any CPU.Build.0 = Debug|Any CPU
		{D4A4A7A9-6590-429F-ACDF-2A83BCC6BAB7}.Debug|ARM.ActiveCfg = Debug|Any CPU
		{D4A4A7A9-6590-429F-ACDF-2A83BCC6BAB7}.Debug|ARM.Build.0 = Debug|Any CPU
		{D4A4A7A9-6590-429F-ACDF-2A83BCC6BAB7}.Debug|iPhone.ActiveCfg = Debug|Any CPU
		{D4A4A7A9-6590-429F-ACDF-2A83BCC6BAB7}.Debug|iPhone.Build.0 = Debug|Any CPU
		{D4A4A7A9-6590-429F-ACDF-2A83BCC6BAB7}.Debug|iPhoneSimulator.ActiveCfg = Debug|Any CPU
		{D4A4A7A9-6590-429F-ACDF-2A83BCC6BAB7}.Debug|iPhoneSimulator.Build.0 = Debug|Any CPU
		{D4A4A7A9-6590-429F-ACDF-2A83BCC6BAB7}.Debug|x64.ActiveCfg = Debug|Any CPU
		{D4A4A7A9-6590-429F-ACDF-2A83BCC6BAB7}.Debug|x64.Build.0 = Debug|Any CPU
		{D4A4A7A9-6590-429F-ACDF-2A83BCC6BAB7}.Debug|x86.ActiveCfg = Debug|Any CPU
		{D4A4A7A9-6590-429F-ACDF-2A83BCC6BAB7}.Debug|x86.Build.0 = Debug|Any CPU
		{D4A4A7A9-6590-429F-ACDF-2A83BCC6BAB7}.Release|Any CPU.ActiveCfg = Release|Any CPU
		{D4A4A7A9-6590-429F-ACDF-2A83BCC6BAB7}.Release|Any CPU.Build.0 = Release|Any CPU
		{D4A4A7A9-6590-429F-ACDF-2A83BCC6BAB7}.Release|ARM.ActiveCfg = Release|Any CPU
		{D4A4A7A9-6590-429F-ACDF-2A83BCC6BAB7}.Release|ARM.Build.0 = Release|Any CPU
		{D4A4A7A9-6590-429F-ACDF-2A83BCC6BAB7}.Release|iPhone.ActiveCfg = Release|Any CPU
		{D4A4A7A9-6590-429F-ACDF-2A83BCC6BAB7}.Release|iPhone.Build.0 = Release|Any CPU
		{D4A4A7A9-6590-429F-ACDF-2A83BCC6BAB7}.Release|iPhoneSimulator.ActiveCfg = Release|Any CPU
		{D4A4A7A9-6590-429F-ACDF-2A83BCC6BAB7}.Release|iPhoneSimulator.Build.0 = Release|Any CPU
		{D4A4A7A9-6590-429F-ACDF-2A83BCC6BAB7}.Release|x64.ActiveCfg = Release|Any CPU
		{D4A4A7A9-6590-429F-ACDF-2A83BCC6BAB7}.Release|x64.Build.0 = Release|Any CPU
		{D4A4A7A9-6590-429F-ACDF-2A83BCC6BAB7}.Release|x86.ActiveCfg = Release|Any CPU
		{D4A4A7A9-6590-429F-ACDF-2A83BCC6BAB7}.Release|x86.Build.0 = Release|Any CPU
		{B7B97C75-B69A-4FE1-8BD5-FFD3325AAF13}.Ad-Hoc|Any CPU.ActiveCfg = Debug|Any CPU
		{B7B97C75-B69A-4FE1-8BD5-FFD3325AAF13}.Ad-Hoc|Any CPU.Build.0 = Debug|Any CPU
		{B7B97C75-B69A-4FE1-8BD5-FFD3325AAF13}.Ad-Hoc|ARM.ActiveCfg = Debug|Any CPU
		{B7B97C75-B69A-4FE1-8BD5-FFD3325AAF13}.Ad-Hoc|ARM.Build.0 = Debug|Any CPU
		{B7B97C75-B69A-4FE1-8BD5-FFD3325AAF13}.Ad-Hoc|iPhone.ActiveCfg = Debug|Any CPU
		{B7B97C75-B69A-4FE1-8BD5-FFD3325AAF13}.Ad-Hoc|iPhone.Build.0 = Debug|Any CPU
		{B7B97C75-B69A-4FE1-8BD5-FFD3325AAF13}.Ad-Hoc|iPhoneSimulator.ActiveCfg = Debug|Any CPU
		{B7B97C75-B69A-4FE1-8BD5-FFD3325AAF13}.Ad-Hoc|iPhoneSimulator.Build.0 = Debug|Any CPU
		{B7B97C75-B69A-4FE1-8BD5-FFD3325AAF13}.Ad-Hoc|x64.ActiveCfg = Debug|Any CPU
		{B7B97C75-B69A-4FE1-8BD5-FFD3325AAF13}.Ad-Hoc|x64.Build.0 = Debug|Any CPU
		{B7B97C75-B69A-4FE1-8BD5-FFD3325AAF13}.Ad-Hoc|x86.ActiveCfg = Debug|Any CPU
		{B7B97C75-B69A-4FE1-8BD5-FFD3325AAF13}.Ad-Hoc|x86.Build.0 = Debug|Any CPU
		{B7B97C75-B69A-4FE1-8BD5-FFD3325AAF13}.AppStore|Any CPU.ActiveCfg = Debug|Any CPU
		{B7B97C75-B69A-4FE1-8BD5-FFD3325AAF13}.AppStore|Any CPU.Build.0 = Debug|Any CPU
		{B7B97C75-B69A-4FE1-8BD5-FFD3325AAF13}.AppStore|ARM.ActiveCfg = Debug|Any CPU
		{B7B97C75-B69A-4FE1-8BD5-FFD3325AAF13}.AppStore|ARM.Build.0 = Debug|Any CPU
		{B7B97C75-B69A-4FE1-8BD5-FFD3325AAF13}.AppStore|iPhone.ActiveCfg = Debug|Any CPU
		{B7B97C75-B69A-4FE1-8BD5-FFD3325AAF13}.AppStore|iPhone.Build.0 = Debug|Any CPU
		{B7B97C75-B69A-4FE1-8BD5-FFD3325AAF13}.AppStore|iPhoneSimulator.ActiveCfg = Debug|Any CPU
		{B7B97C75-B69A-4FE1-8BD5-FFD3325AAF13}.AppStore|iPhoneSimulator.Build.0 = Debug|Any CPU
		{B7B97C75-B69A-4FE1-8BD5-FFD3325AAF13}.AppStore|x64.ActiveCfg = Debug|Any CPU
		{B7B97C75-B69A-4FE1-8BD5-FFD3325AAF13}.AppStore|x64.Build.0 = Debug|Any CPU
		{B7B97C75-B69A-4FE1-8BD5-FFD3325AAF13}.AppStore|x86.ActiveCfg = Debug|Any CPU
		{B7B97C75-B69A-4FE1-8BD5-FFD3325AAF13}.AppStore|x86.Build.0 = Debug|Any CPU
		{B7B97C75-B69A-4FE1-8BD5-FFD3325AAF13}.Debug|Any CPU.ActiveCfg = Debug|Any CPU
		{B7B97C75-B69A-4FE1-8BD5-FFD3325AAF13}.Debug|Any CPU.Build.0 = Debug|Any CPU
		{B7B97C75-B69A-4FE1-8BD5-FFD3325AAF13}.Debug|ARM.ActiveCfg = Debug|Any CPU
		{B7B97C75-B69A-4FE1-8BD5-FFD3325AAF13}.Debug|ARM.Build.0 = Debug|Any CPU
		{B7B97C75-B69A-4FE1-8BD5-FFD3325AAF13}.Debug|iPhone.ActiveCfg = Debug|Any CPU
		{B7B97C75-B69A-4FE1-8BD5-FFD3325AAF13}.Debug|iPhone.Build.0 = Debug|Any CPU
		{B7B97C75-B69A-4FE1-8BD5-FFD3325AAF13}.Debug|iPhoneSimulator.ActiveCfg = Debug|Any CPU
		{B7B97C75-B69A-4FE1-8BD5-FFD3325AAF13}.Debug|iPhoneSimulator.Build.0 = Debug|Any CPU
		{B7B97C75-B69A-4FE1-8BD5-FFD3325AAF13}.Debug|x64.ActiveCfg = Debug|Any CPU
		{B7B97C75-B69A-4FE1-8BD5-FFD3325AAF13}.Debug|x64.Build.0 = Debug|Any CPU
		{B7B97C75-B69A-4FE1-8BD5-FFD3325AAF13}.Debug|x86.ActiveCfg = Debug|Any CPU
		{B7B97C75-B69A-4FE1-8BD5-FFD3325AAF13}.Debug|x86.Build.0 = Debug|Any CPU
		{B7B97C75-B69A-4FE1-8BD5-FFD3325AAF13}.Release|Any CPU.ActiveCfg = Release|Any CPU
		{B7B97C75-B69A-4FE1-8BD5-FFD3325AAF13}.Release|Any CPU.Build.0 = Release|Any CPU
		{B7B97C75-B69A-4FE1-8BD5-FFD3325AAF13}.Release|ARM.ActiveCfg = Release|Any CPU
		{B7B97C75-B69A-4FE1-8BD5-FFD3325AAF13}.Release|ARM.Build.0 = Release|Any CPU
		{B7B97C75-B69A-4FE1-8BD5-FFD3325AAF13}.Release|iPhone.ActiveCfg = Release|Any CPU
		{B7B97C75-B69A-4FE1-8BD5-FFD3325AAF13}.Release|iPhone.Build.0 = Release|Any CPU
		{B7B97C75-B69A-4FE1-8BD5-FFD3325AAF13}.Release|iPhoneSimulator.ActiveCfg = Release|Any CPU
		{B7B97C75-B69A-4FE1-8BD5-FFD3325AAF13}.Release|iPhoneSimulator.Build.0 = Release|Any CPU
		{B7B97C75-B69A-4FE1-8BD5-FFD3325AAF13}.Release|x64.ActiveCfg = Release|Any CPU
		{B7B97C75-B69A-4FE1-8BD5-FFD3325AAF13}.Release|x64.Build.0 = Release|Any CPU
		{B7B97C75-B69A-4FE1-8BD5-FFD3325AAF13}.Release|x86.ActiveCfg = Release|Any CPU
		{B7B97C75-B69A-4FE1-8BD5-FFD3325AAF13}.Release|x86.Build.0 = Release|Any CPU
	EndGlobalSection
	GlobalSection(SolutionProperties) = preSolution
		HideSolutionNode = FALSE
	EndGlobalSection
	GlobalSection(NestedProjects) = preSolution
		{91CF7717-08AB-4E65-B10E-0B426F01E2E8} = {932D8224-11F6-4D07-B109-DA28AD288A63}
		{E279BF0F-7F66-4F3A-A3AB-2CDA66C1CD04} = {932D8224-11F6-4D07-B109-DA28AD288A63}
		{EF0337F2-ED00-4643-89FD-EE10863F1870} = {A857AD10-40FF-4303-BEC2-FF1C58D5735E}
		{DB0EFB20-B024-4E5E-A75C-52143C131D25} = {932D8224-11F6-4D07-B109-DA28AD288A63}
		{807BB76E-B2BB-47A2-A57B-3D1B20FF5E7F} = {DB0EFB20-B024-4E5E-A75C-52143C131D25}
		{0044B293-1DCC-4224-B948-00CF6DC7F510} = {807BB76E-B2BB-47A2-A57B-3D1B20FF5E7F}
		{8088F3FC-6787-45FA-A924-816EC81CBFAC} = {807BB76E-B2BB-47A2-A57B-3D1B20FF5E7F}
		{9EE28E45-1533-472B-8267-56C48855BA0E} = {807BB76E-B2BB-47A2-A57B-3D1B20FF5E7F}
		{69AF10D3-AA76-4FF7-B187-EC7E8CC5F5B8} = {807BB76E-B2BB-47A2-A57B-3D1B20FF5E7F}
		{1815B651-941C-466B-AE33-D1D7EEB8F77F} = {DB0EFB20-B024-4E5E-A75C-52143C131D25}
		{15F4B3AA-89B6-4A0D-9051-414305974781} = {1815B651-941C-466B-AE33-D1D7EEB8F77F}
		{77849D35-37D4-4802-81DC-9477B2775A40} = {932D8224-11F6-4D07-B109-DA28AD288A63}
		{68F5041D-51F2-4630-94B6-B49789F5E51A} = {DB0EFB20-B024-4E5E-A75C-52143C131D25}
		{56C2EF0B-6BF2-41D9-BE07-6E6D08D06B35} = {68F5041D-51F2-4630-94B6-B49789F5E51A}
		{421AB10D-4456-4C83-90E1-6A4896944E62} = {91CF7717-08AB-4E65-B10E-0B426F01E2E8}
		{E3B212B1-14E3-45A0-A10F-04C5F10511CD} = {421AB10D-4456-4C83-90E1-6A4896944E62}
		{1B8C3625-3A47-4DBC-918E-26FDBC22B400} = {421AB10D-4456-4C83-90E1-6A4896944E62}
		{A9B74F7E-1E1D-4A2B-8A95-DAE38A072B92} = {421AB10D-4456-4C83-90E1-6A4896944E62}
		{1B707B61-4E72-4B5C-A73B-C29DF6A6297F} = {421AB10D-4456-4C83-90E1-6A4896944E62}
		{838A8C78-4FE0-4BC9-BF8D-8D9B8EA8A2BE} = {1B707B61-4E72-4B5C-A73B-C29DF6A6297F}
		{54DA0B45-525B-4CC5-A8EC-332F41DA4411} = {1B707B61-4E72-4B5C-A73B-C29DF6A6297F}
		{E0B4F269-2B0A-455C-A721-40A997E942A8} = {932D8224-11F6-4D07-B109-DA28AD288A63}
		{177F9819-E90D-4277-8A48-DFD7F430DC1F} = {91CF7717-08AB-4E65-B10E-0B426F01E2E8}
		{1958484E-EEFB-4AFB-8C61-1ADF7B8C1DA6} = {177F9819-E90D-4277-8A48-DFD7F430DC1F}
		{76D287FE-5A3C-42CC-BCC4-25DA80794DD8} = {177F9819-E90D-4277-8A48-DFD7F430DC1F}
		{22D69FB4-C3EB-4DEA-A605-002DC01C7ADC} = {177F9819-E90D-4277-8A48-DFD7F430DC1F}
		{E61BF9CB-7790-4885-AA84-7052C9F2FEEF} = {177F9819-E90D-4277-8A48-DFD7F430DC1F}
		{CA79D1DE-F6C5-4B2D-9E01-771D0AB2CD81} = {E61BF9CB-7790-4885-AA84-7052C9F2FEEF}
		{9FE860B6-DE5D-4614-82CF-FA6AF009F9C1} = {E61BF9CB-7790-4885-AA84-7052C9F2FEEF}
		{C01EA2CA-57B5-460C-94D1-5C4822DD78B9} = {DB0EFB20-B024-4E5E-A75C-52143C131D25}
		{CD92060D-CD5F-42E4-9E6E-271350979059} = {C01EA2CA-57B5-460C-94D1-5C4822DD78B9}
		{FB517ABF-00C4-4B37-972C-C049219AB7A5} = {C01EA2CA-57B5-460C-94D1-5C4822DD78B9}
		{50A6F0E3-CADC-4070-AD0B-F8B97ACDB8A6} = {807BB76E-B2BB-47A2-A57B-3D1B20FF5E7F}
		{E7E8CC7B-2F57-4169-AFD1-918B66620D69} = {77849D35-37D4-4802-81DC-9477B2775A40}
		{59A8B162-8A2C-47E9-AB0B-D92EA5189E90} = {E7E8CC7B-2F57-4169-AFD1-918B66620D69}
		{2DA7BFB9-CC1D-41CB-8423-902E258CE7E6} = {77849D35-37D4-4802-81DC-9477B2775A40}
		{D4A4A7A9-6590-429F-ACDF-2A83BCC6BAB7} = {2DA7BFB9-CC1D-41CB-8423-902E258CE7E6}
		{B7B97C75-B69A-4FE1-8BD5-FFD3325AAF13} = {2DA7BFB9-CC1D-41CB-8423-902E258CE7E6}
	EndGlobalSection
	GlobalSection(ExtensibilityGlobals) = postSolution
		SolutionGuid = {25728519-5F0F-4973-8A64-0A81EB4EA8D9}
	EndGlobalSection
EndGlobal
